
Microsoft Visual Studio Solution File, Format Version 12.00
# Visual Studio Version 17
VisualStudioVersion = 17.0.31903.59
MinimumVisualStudioVersion = 10.0.40219.1
Project("{2150E333-8FDC-42A3-9474-1A3956D46DE8}") = "src", "src", "{827E0CD3-B72D-47B6-A68D-7590B98EB39B}"
EndProject
Project("{2150E333-8FDC-42A3-9474-1A3956D46DE8}") = "shared", "shared", "{C8E42992-5E42-0C2B-DBFE-AA848D06431C}"
EndProject
Project("{FAE04EC0-301F-11D3-BF4B-00C04F79EFBC}") = "NexConvo.Contracts", "src\shared\NexConvo.Contracts\NexConvo.Contracts.csproj", "{B58505BA-DA47-4D01-9513-9852CC0E9545}"
EndProject
Project("{FAE04EC0-301F-11D3-BF4B-00C04F79EFBC}") = "NexConvo.Gateway", "src\gateway\NexConvo.Gateway\NexConvo.Gateway.csproj", "{EBABB52F-4E74-4026-AB9D-A3CD4F037F2B}"
EndProject
Project("{FAE04EC0-301F-11D3-BF4B-00C04F79EFBC}") = "NexConvo.BuildingBlocks.Tests", "tests\NexConvo.BuildingBlocks.Tests\NexConvo.BuildingBlocks.Tests.csproj", "{93D4953A-51E3-40F4-BF54-061C37280A5A}"
EndProject
Project("{FAE04EC0-301F-11D3-BF4B-00C04F79EFBC}") = "NexConvo.BuildingBlocks.Domain", "src\shared\NexConvo.BuildingBlocks.Domain\NexConvo.BuildingBlocks.Domain.csproj", "{37DC5268-85E1-4350-9BD5-C527650C45E3}"
EndProject
Project("{FAE04EC0-301F-11D3-BF4B-00C04F79EFBC}") = "NexConvo.BuildingBlocks.Application", "src\shared\NexConvo.BuildingBlocks.Application\NexConvo.BuildingBlocks.Application.csproj", "{A2F26736-F73F-474B-AB40-6E2CAD9A757A}"
EndProject
Project("{FAE04EC0-301F-11D3-BF4B-00C04F79EFBC}") = "NexConvo.BuildingBlocks.Infrastructure", "src\shared\NexConvo.BuildingBlocks.Infrastructure\NexConvo.BuildingBlocks.Infrastructure.csproj", "{AF7CAC4B-2DC1-4B3D-AF6E-40545F81FFA0}"
EndProject
Project("{2150E333-8FDC-42A3-9474-1A3956D46DE8}") = "services", "services", "{984BB9B3-3FA3-BE33-9484-CAC21695A33C}"
EndProject
Project("{2150E333-8FDC-42A3-9474-1A3956D46DE8}") = "AiCommand", "AiCommand", "{F14DB842-38D8-D9E8-1328-08AF2D925140}"
EndProject
Project("{FAE04EC0-301F-11D3-BF4B-00C04F79EFBC}") = "NexConvo.AiCommand.Api", "src\services\AiCommand\NexConvo.AiCommand.Api\NexConvo.AiCommand.Api.csproj", "{5F49720B-5855-42CA-8160-326A64FF5207}"
EndProject
Project("{FAE04EC0-301F-11D3-BF4B-00C04F79EFBC}") = "NexConvo.AiCommand.Application", "src\services\AiCommand\NexConvo.AiCommand.Application\NexConvo.AiCommand.Application.csproj", "{B51CD818-3CF2-4C36-952C-0A9B1F3C51A3}"
EndProject
Project("{FAE04EC0-301F-11D3-BF4B-00C04F79EFBC}") = "NexConvo.AiCommand.Domain", "src\services\AiCommand\NexConvo.AiCommand.Domain\NexConvo.AiCommand.Domain.csproj", "{EEBE69B7-5380-4C27-AA88-772E3F07D66F}"
EndProject
Project("{FAE04EC0-301F-11D3-BF4B-00C04F79EFBC}") = "NexConvo.AiCommand.Infrastructure", "src\services\AiCommand\NexConvo.AiCommand.Infrastructure\NexConvo.AiCommand.Infrastructure.csproj", "{6A8424B3-9495-4546-AE59-03BAFBCDA6EF}"
EndProject
Project("{FAE04EC0-301F-11D3-BF4B-00C04F79EFBC}") = "NexConvo.Automation.Application", "src\services\Automation\NexConvo.Automation.Application\NexConvo.Automation.Application.csproj", "{D1F72876-06EC-4ECF-AF0F-9281C9B81CD0}"
EndProject
Project("{FAE04EC0-301F-11D3-BF4B-00C04F79EFBC}") = "NexConvo.Automation.Domain", "src\services\Automation\NexConvo.Automation.Domain\NexConvo.Automation.Domain.csproj", "{9ED1BA4E-DF5D-44BA-9F20-591321BB1FC9}"
EndProject
Project("{FAE04EC0-301F-11D3-BF4B-00C04F79EFBC}") = "NexConvo.Automation.Infrastructure", "src\services\Automation\NexConvo.Automation.Infrastructure\NexConvo.Automation.Infrastructure.csproj", "{63B5753D-002B-4FF8-9B00-A62D0B6ED232}"
EndProject
Project("{FAE04EC0-301F-11D3-BF4B-00C04F79EFBC}") = "NexConvo.Automation.Worker", "src\services\Automation\NexConvo.Automation.Worker\NexConvo.Automation.Worker.csproj", "{A355B510-5228-46C8-8EB5-877CDBE8C707}"
EndProject
Project("{FAE04EC0-301F-11D3-BF4B-00C04F79EFBC}") = "NexConvo.Chat.Api", "src\services\Chat\NexConvo.Chat.Api\NexConvo.Chat.Api.csproj", "{525A5249-BD6E-42BF-A016-B8BADFEB5136}"
EndProject
Project("{FAE04EC0-301F-11D3-BF4B-00C04F79EFBC}") = "NexConvo.Chat.Application", "src\services\Chat\NexConvo.Chat.Application\NexConvo.Chat.Application.csproj", "{BF88540F-88EC-4722-ADD8-2F5CECB413AB}"
EndProject
Project("{FAE04EC0-301F-11D3-BF4B-00C04F79EFBC}") = "NexConvo.Chat.Domain", "src\services\Chat\NexConvo.Chat.Domain\NexConvo.Chat.Domain.csproj", "{AD97A0CD-8A38-4DE7-BD4A-BB9D6DF09842}"
EndProject
Project("{FAE04EC0-301F-11D3-BF4B-00C04F79EFBC}") = "NexConvo.Chat.Infrastructure", "src\services\Chat\NexConvo.Chat.Infrastructure\NexConvo.Chat.Infrastructure.csproj", "{5983955F-F272-4B2C-A201-69FC0C9848C9}"
EndProject
Project("{FAE04EC0-301F-11D3-BF4B-00C04F79EFBC}") = "NexConvo.CoreCrm.Api", "src\services\CoreCrm\NexConvo.CoreCrm.Api\NexConvo.CoreCrm.Api.csproj", "{11DA56D8-ABC8-494C-8FDA-0AA7C6694A12}"
EndProject
Project("{FAE04EC0-301F-11D3-BF4B-00C04F79EFBC}") = "NexConvo.CoreCrm.Application", "src\services\CoreCrm\NexConvo.CoreCrm.Application\NexConvo.CoreCrm.Application.csproj", "{C28846F6-1D31-43D7-B100-B10932E905AF}"
EndProject
Project("{FAE04EC0-301F-11D3-BF4B-00C04F79EFBC}") = "NexConvo.CoreCrm.Domain", "src\services\CoreCrm\NexConvo.CoreCrm.Domain\NexConvo.CoreCrm.Domain.csproj", "{F857913D-98EA-4F38-910C-50535464CD0B}"
EndProject
Project("{FAE04EC0-301F-11D3-BF4B-00C04F79EFBC}") = "NexConvo.CoreCrm.Infrastructure", "src\services\CoreCrm\NexConvo.CoreCrm.Infrastructure\NexConvo.CoreCrm.Infrastructure.csproj", "{628996EE-FBB9-4EFD-8257-DAC6CF1AEF54}"
EndProject
Project("{FAE04EC0-301F-11D3-BF4B-00C04F79EFBC}") = "NexConvo.Identity.Api", "src\services\Identity\NexConvo.Identity.Api\NexConvo.Identity.Api.csproj", "{050C1D73-053D-4D41-A723-7CF9CC9C8DE0}"
EndProject
Project("{FAE04EC0-301F-11D3-BF4B-00C04F79EFBC}") = "NexConvo.Identity.Application", "src\services\Identity\NexConvo.Identity.Application\NexConvo.Identity.Application.csproj", "{49971AE0-6568-413F-8951-A1FC305FD219}"
EndProject
Project("{FAE04EC0-301F-11D3-BF4B-00C04F79EFBC}") = "NexConvo.Identity.Domain", "src\services\Identity\NexConvo.Identity.Domain\NexConvo.Identity.Domain.csproj", "{C3960228-5A66-4487-A012-AE0F28D4C30F}"
EndProject
Project("{FAE04EC0-301F-11D3-BF4B-00C04F79EFBC}") = "NexConvo.Identity.Infrastructure", "src\services\Identity\NexConvo.Identity.Infrastructure\NexConvo.Identity.Infrastructure.csproj", "{95BB1588-716D-481B-A01F-AC438EF00AC8}"
EndProject
Project("{FAE04EC0-301F-11D3-BF4B-00C04F79EFBC}") = "NexConvo.Voice.Api", "src\services\Voice\NexConvo.Voice.Api\NexConvo.Voice.Api.csproj", "{8C2D224D-3B20-4D09-9831-8056D0877C9C}"
EndProject
Project("{FAE04EC0-301F-11D3-BF4B-00C04F79EFBC}") = "NexConvo.Voice.Application", "src\services\Voice\NexConvo.Voice.Application\NexConvo.Voice.Application.csproj", "{D1855CDF-2E7F-4D00-B9C9-0FA1D5CC8A37}"
EndProject
Project("{FAE04EC0-301F-11D3-BF4B-00C04F79EFBC}") = "NexConvo.Voice.Domain", "src\services\Voice\NexConvo.Voice.Domain\NexConvo.Voice.Domain.csproj", "{ECE79492-CDDC-4119-A24F-E8FDD6C2A439}"
EndProject
Project("{FAE04EC0-301F-11D3-BF4B-00C04F79EFBC}") = "NexConvo.Voice.Infrastructure", "src\services\Voice\NexConvo.Voice.Infrastructure\NexConvo.Voice.Infrastructure.csproj", "{735BEACB-2086-48AD-B141-FC897B856885}"
EndProject
Project("{FAE04EC0-301F-11D3-BF4B-00C04F79EFBC}") = "NexConvo.AiCommand.Tests", "tests\NexConvo.AiCommand.Tests\NexConvo.AiCommand.Tests.csproj", "{5ECB08DC-107A-437E-AB09-43DB6B80B561}"
EndProject
Project("{FAE04EC0-301F-11D3-BF4B-00C04F79EFBC}") = "NexConvo.Automation.Tests", "tests\NexConvo.Automation.Tests\NexConvo.Automation.Tests.csproj", "{76C5E3FB-752C-4AA8-8F36-B90E7F97A246}"
EndProject
Project("{FAE04EC0-301F-11D3-BF4B-00C04F79EFBC}") = "NexConvo.Chat.Tests", "tests\NexConvo.Chat.Tests\NexConvo.Chat.Tests.csproj", "{D4CBE6D5-EEF7-415F-BBEC-57E0EDD623E7}"
EndProject
Project("{FAE04EC0-301F-11D3-BF4B-00C04F79EFBC}") = "NexConvo.CoreCrm.Tests", "tests\NexConvo.CoreCrm.Tests\NexConvo.CoreCrm.Tests.csproj", "{58A9B6E3-FCFC-41D4-90BB-8E0BFC279F23}"
EndProject
Project("{FAE04EC0-301F-11D3-BF4B-00C04F79EFBC}") = "NexConvo.Identity.Tests", "tests\NexConvo.Identity.Tests\NexConvo.Identity.Tests.csproj", "{F693C978-8A1B-41BA-9F2F-40418929C209}"
EndProject
Project("{FAE04EC0-301F-11D3-BF4B-00C04F79EFBC}") = "NexConvo.Voice.Tests", "tests\NexConvo.Voice.Tests\NexConvo.Voice.Tests.csproj", "{AEF2C77C-8BE0-47DE-A0C3-8CE89846BABC}"
EndProject
Global
	GlobalSection(SolutionConfigurationPlatforms) = preSolution
		Debug|Any CPU = Debug|Any CPU
		Debug|x64 = Debug|x64
		Debug|x86 = Debug|x86
		Release|Any CPU = Release|Any CPU
		Release|x64 = Release|x64
		Release|x86 = Release|x86
	EndGlobalSection
	GlobalSection(ProjectConfigurationPlatforms) = postSolution
		{B58505BA-DA47-4D01-9513-9852CC0E9545}.Debug|Any CPU.ActiveCfg = Debug|Any CPU
		{B58505BA-DA47-4D01-9513-9852CC0E9545}.Debug|Any CPU.Build.0 = Debug|Any CPU
		{B58505BA-DA47-4D01-9513-9852CC0E9545}.Debug|x64.ActiveCfg = Debug|Any CPU
		{B58505BA-DA47-4D01-9513-9852CC0E9545}.Debug|x64.Build.0 = Debug|Any CPU
		{B58505BA-DA47-4D01-9513-9852CC0E9545}.Debug|x86.ActiveCfg = Debug|Any CPU
		{B58505BA-DA47-4D01-9513-9852CC0E9545}.Debug|x86.Build.0 = Debug|Any CPU
		{B58505BA-DA47-4D01-9513-9852CC0E9545}.Release|Any CPU.ActiveCfg = Release|Any CPU
		{B58505BA-DA47-4D01-9513-9852CC0E9545}.Release|Any CPU.Build.0 = Release|Any CPU
		{B58505BA-DA47-4D01-9513-9852CC0E9545}.Release|x64.ActiveCfg = Release|Any CPU
		{B58505BA-DA47-4D01-9513-9852CC0E9545}.Release|x64.Build.0 = Release|Any CPU
		{B58505BA-DA47-4D01-9513-9852CC0E9545}.Release|x86.ActiveCfg = Release|Any CPU
		{B58505BA-DA47-4D01-9513-9852CC0E9545}.Release|x86.Build.0 = Release|Any CPU
		{EBABB52F-4E74-4026-AB9D-A3CD4F037F2B}.Debug|Any CPU.ActiveCfg = Debug|Any CPU
		{EBABB52F-4E74-4026-AB9D-A3CD4F037F2B}.Debug|Any CPU.Build.0 = Debug|Any CPU
		{EBABB52F-4E74-4026-AB9D-A3CD4F037F2B}.Debug|x64.ActiveCfg = Debug|Any CPU
		{EBABB52F-4E74-4026-AB9D-A3CD4F037F2B}.Debug|x64.Build.0 = Debug|Any CPU
		{EBABB52F-4E74-4026-AB9D-A3CD4F037F2B}.Debug|x86.ActiveCfg = Debug|Any CPU
		{EBABB52F-4E74-4026-AB9D-A3CD4F037F2B}.Debug|x86.Build.0 = Debug|Any CPU
		{EBABB52F-4E74-4026-AB9D-A3CD4F037F2B}.Release|Any CPU.ActiveCfg = Release|Any CPU
		{EBABB52F-4E74-4026-AB9D-A3CD4F037F2B}.Release|Any CPU.Build.0 = Release|Any CPU
		{EBABB52F-4E74-4026-AB9D-A3CD4F037F2B}.Release|x64.ActiveCfg = Release|Any CPU
		{EBABB52F-4E74-4026-AB9D-A3CD4F037F2B}.Release|x64.Build.0 = Release|Any CPU
		{EBABB52F-4E74-4026-AB9D-A3CD4F037F2B}.Release|x86.ActiveCfg = Release|Any CPU
		{EBABB52F-4E74-4026-AB9D-A3CD4F037F2B}.Release|x86.Build.0 = Release|Any CPU
		{93D4953A-51E3-40F4-BF54-061C37280A5A}.Debug|Any CPU.ActiveCfg = Debug|Any CPU
		{93D4953A-51E3-40F4-BF54-061C37280A5A}.Debug|Any CPU.Build.0 = Debug|Any CPU
		{93D4953A-51E3-40F4-BF54-061C37280A5A}.Debug|x64.ActiveCfg = Debug|Any CPU
		{93D4953A-51E3-40F4-BF54-061C37280A5A}.Debug|x64.Build.0 = Debug|Any CPU
		{93D4953A-51E3-40F4-BF54-061C37280A5A}.Debug|x86.ActiveCfg = Debug|Any CPU
		{93D4953A-51E3-40F4-BF54-061C37280A5A}.Debug|x86.Build.0 = Debug|Any CPU
		{93D4953A-51E3-40F4-BF54-061C37280A5A}.Release|Any CPU.ActiveCfg = Release|Any CPU
		{93D4953A-51E3-40F4-BF54-061C37280A5A}.Release|Any CPU.Build.0 = Release|Any CPU
		{93D4953A-51E3-40F4-BF54-061C37280A5A}.Release|x64.ActiveCfg = Release|Any CPU
		{93D4953A-51E3-40F4-BF54-061C37280A5A}.Release|x64.Build.0 = Release|Any CPU
		{93D4953A-51E3-40F4-BF54-061C37280A5A}.Release|x86.ActiveCfg = Release|Any CPU
		{93D4953A-51E3-40F4-BF54-061C37280A5A}.Release|x86.Build.0 = Release|Any CPU
		{37DC5268-85E1-4350-9BD5-C527650C45E3}.Debug|Any CPU.ActiveCfg = Debug|Any CPU
		{37DC5268-85E1-4350-9BD5-C527650C45E3}.Debug|Any CPU.Build.0 = Debug|Any CPU
		{37DC5268-85E1-4350-9BD5-C527650C45E3}.Debug|x64.ActiveCfg = Debug|Any CPU
		{37DC5268-85E1-4350-9BD5-C527650C45E3}.Debug|x64.Build.0 = Debug|Any CPU
		{37DC5268-85E1-4350-9BD5-C527650C45E3}.Debug|x86.ActiveCfg = Debug|Any CPU
		{37DC5268-85E1-4350-9BD5-C527650C45E3}.Debug|x86.Build.0 = Debug|Any CPU
		{37DC5268-85E1-4350-9BD5-C527650C45E3}.Release|Any CPU.ActiveCfg = Release|Any CPU
		{37DC5268-85E1-4350-9BD5-C527650C45E3}.Release|Any CPU.Build.0 = Release|Any CPU
		{37DC5268-85E1-4350-9BD5-C527650C45E3}.Release|x64.ActiveCfg = Release|Any CPU
		{37DC5268-85E1-4350-9BD5-C527650C45E3}.Release|x64.Build.0 = Release|Any CPU
		{37DC5268-85E1-4350-9BD5-C527650C45E3}.Release|x86.ActiveCfg = Release|Any CPU
		{37DC5268-85E1-4350-9BD5-C527650C45E3}.Release|x86.Build.0 = Release|Any CPU
		{A2F26736-F73F-474B-AB40-6E2CAD9A757A}.Debug|Any CPU.ActiveCfg = Debug|Any CPU
		{A2F26736-F73F-474B-AB40-6E2CAD9A757A}.Debug|Any CPU.Build.0 = Debug|Any CPU
		{A2F26736-F73F-474B-AB40-6E2CAD9A757A}.Debug|x64.ActiveCfg = Debug|Any CPU
		{A2F26736-F73F-474B-AB40-6E2CAD9A757A}.Debug|x64.Build.0 = Debug|Any CPU
		{A2F26736-F73F-474B-AB40-6E2CAD9A757A}.Debug|x86.ActiveCfg = Debug|Any CPU
		{A2F26736-F73F-474B-AB40-6E2CAD9A757A}.Debug|x86.Build.0 = Debug|Any CPU
		{A2F26736-F73F-474B-AB40-6E2CAD9A757A}.Release|Any CPU.ActiveCfg = Release|Any CPU
		{A2F26736-F73F-474B-AB40-6E2CAD9A757A}.Release|Any CPU.Build.0 = Release|Any CPU
		{A2F26736-F73F-474B-AB40-6E2CAD9A757A}.Release|x64.ActiveCfg = Release|Any CPU
		{A2F26736-F73F-474B-AB40-6E2CAD9A757A}.Release|x64.Build.0 = Release|Any CPU
		{A2F26736-F73F-474B-AB40-6E2CAD9A757A}.Release|x86.ActiveCfg = Release|Any CPU
		{A2F26736-F73F-474B-AB40-6E2CAD9A757A}.Release|x86.Build.0 = Release|Any CPU
		{AF7CAC4B-2DC1-4B3D-AF6E-40545F81FFA0}.Debug|Any CPU.ActiveCfg = Debug|Any CPU
		{AF7CAC4B-2DC1-4B3D-AF6E-40545F81FFA0}.Debug|Any CPU.Build.0 = Debug|Any CPU
		{AF7CAC4B-2DC1-4B3D-AF6E-40545F81FFA0}.Debug|x64.ActiveCfg = Debug|Any CPU
		{AF7CAC4B-2DC1-4B3D-AF6E-40545F81FFA0}.Debug|x64.Build.0 = Debug|Any CPU
		{AF7CAC4B-2DC1-4B3D-AF6E-40545F81FFA0}.Debug|x86.ActiveCfg = Debug|Any CPU
		{AF7CAC4B-2DC1-4B3D-AF6E-40545F81FFA0}.Debug|x86.Build.0 = Debug|Any CPU
		{AF7CAC4B-2DC1-4B3D-AF6E-40545F81FFA0}.Release|Any CPU.ActiveCfg = Release|Any CPU
		{AF7CAC4B-2DC1-4B3D-AF6E-40545F81FFA0}.Release|Any CPU.Build.0 = Release|Any CPU
		{AF7CAC4B-2DC1-4B3D-AF6E-40545F81FFA0}.Release|x64.ActiveCfg = Release|Any CPU
		{AF7CAC4B-2DC1-4B3D-AF6E-40545F81FFA0}.Release|x64.Build.0 = Release|Any CPU
		{AF7CAC4B-2DC1-4B3D-AF6E-40545F81FFA0}.Release|x86.ActiveCfg = Release|Any CPU
		{AF7CAC4B-2DC1-4B3D-AF6E-40545F81FFA0}.Release|x86.Build.0 = Release|Any CPU
		{5F49720B-5855-42CA-8160-326A64FF5207}.Debug|Any CPU.ActiveCfg = Debug|Any CPU
		{5F49720B-5855-42CA-8160-326A64FF5207}.Debug|Any CPU.Build.0 = Debug|Any CPU
		{5F49720B-5855-42CA-8160-326A64FF5207}.Debug|x64.ActiveCfg = Debug|Any CPU
		{5F49720B-5855-42CA-8160-326A64FF5207}.Debug|x64.Build.0 = Debug|Any CPU
		{5F49720B-5855-42CA-8160-326A64FF5207}.Debug|x86.ActiveCfg = Debug|Any CPU
		{5F49720B-5855-42CA-8160-326A64FF5207}.Debug|x86.Build.0 = Debug|Any CPU
		{5F49720B-5855-42CA-8160-326A64FF5207}.Release|Any CPU.ActiveCfg = Release|Any CPU
		{5F49720B-5855-42CA-8160-326A64FF5207}.Release|Any CPU.Build.0 = Release|Any CPU
		{5F49720B-5855-42CA-8160-326A64FF5207}.Release|x64.ActiveCfg = Release|Any CPU
		{5F49720B-5855-42CA-8160-326A64FF5207}.Release|x64.Build.0 = Release|Any CPU
		{5F49720B-5855-42CA-8160-326A64FF5207}.Release|x86.ActiveCfg = Release|Any CPU
		{5F49720B-5855-42CA-8160-326A64FF5207}.Release|x86.Build.0 = Release|Any CPU
		{B51CD818-3CF2-4C36-952C-0A9B1F3C51A3}.Debug|Any CPU.ActiveCfg = Debug|Any CPU
		{B51CD818-3CF2-4C36-952C-0A9B1F3C51A3}.Debug|Any CPU.Build.0 = Debug|Any CPU
		{B51CD818-3CF2-4C36-952C-0A9B1F3C51A3}.Debug|x64.ActiveCfg = Debug|Any CPU
		{B51CD818-3CF2-4C36-952C-0A9B1F3C51A3}.Debug|x64.Build.0 = Debug|Any CPU
		{B51CD818-3CF2-4C36-952C-0A9B1F3C51A3}.Debug|x86.ActiveCfg = Debug|Any CPU
		{B51CD818-3CF2-4C36-952C-0A9B1F3C51A3}.Debug|x86.Build.0 = Debug|Any CPU
		{B51CD818-3CF2-4C36-952C-0A9B1F3C51A3}.Release|Any CPU.ActiveCfg = Release|Any CPU
		{B51CD818-3CF2-4C36-952C-0A9B1F3C51A3}.Release|Any CPU.Build.0 = Release|Any CPU
		{B51CD818-3CF2-4C36-952C-0A9B1F3C51A3}.Release|x64.ActiveCfg = Release|Any CPU
		{B51CD818-3CF2-4C36-952C-0A9B1F3C51A3}.Release|x64.Build.0 = Release|Any CPU
		{B51CD818-3CF2-4C36-952C-0A9B1F3C51A3}.Release|x86.ActiveCfg = Release|Any CPU
		{B51CD818-3CF2-4C36-952C-0A9B1F3C51A3}.Release|x86.Build.0 = Release|Any CPU
		{EEBE69B7-5380-4C27-AA88-772E3F07D66F}.Debug|Any CPU.ActiveCfg = Debug|Any CPU
		{EEBE69B7-5380-4C27-AA88-772E3F07D66F}.Debug|Any CPU.Build.0 = Debug|Any CPU
		{EEBE69B7-5380-4C27-AA88-772E3F07D66F}.Debug|x64.ActiveCfg = Debug|Any CPU
		{EEBE69B7-5380-4C27-AA88-772E3F07D66F}.Debug|x64.Build.0 = Debug|Any CPU
		{EEBE69B7-5380-4C27-AA88-772E3F07D66F}.Debug|x86.ActiveCfg = Debug|Any CPU
		{EEBE69B7-5380-4C27-AA88-772E3F07D66F}.Debug|x86.Build.0 = Debug|Any CPU
		{EEBE69B7-5380-4C27-AA88-772E3F07D66F}.Release|Any CPU.ActiveCfg = Release|Any CPU
		{EEBE69B7-5380-4C27-AA88-772E3F07D66F}.Release|Any CPU.Build.0 = Release|Any CPU
		{EEBE69B7-5380-4C27-AA88-772E3F07D66F}.Release|x64.ActiveCfg = Release|Any CPU
		{EEBE69B7-5380-4C27-AA88-772E3F07D66F}.Release|x64.Build.0 = Release|Any CPU
		{EEBE69B7-5380-4C27-AA88-772E3F07D66F}.Release|x86.ActiveCfg = Release|Any CPU
		{EEBE69B7-5380-4C27-AA88-772E3F07D66F}.Release|x86.Build.0 = Release|Any CPU
		{6A8424B3-9495-4546-AE59-03BAFBCDA6EF}.Debug|Any CPU.ActiveCfg = Debug|Any CPU
		{6A8424B3-9495-4546-AE59-03BAFBCDA6EF}.Debug|Any CPU.Build.0 = Debug|Any CPU
		{6A8424B3-9495-4546-AE59-03BAFBCDA6EF}.Debug|x64.ActiveCfg = Debug|Any CPU
		{6A8424B3-9495-4546-AE59-03BAFBCDA6EF}.Debug|x64.Build.0 = Debug|Any CPU
		{6A8424B3-9495-4546-AE59-03BAFBCDA6EF}.Debug|x86.ActiveCfg = Debug|Any CPU
		{6A8424B3-9495-4546-AE59-03BAFBCDA6EF}.Debug|x86.Build.0 = Debug|Any CPU
		{6A8424B3-9495-4546-AE59-03BAFBCDA6EF}.Release|Any CPU.ActiveCfg = Release|Any CPU
		{6A8424B3-9495-4546-AE59-03BAFBCDA6EF}.Release|Any CPU.Build.0 = Release|Any CPU
		{6A8424B3-9495-4546-AE59-03BAFBCDA6EF}.Release|x64.ActiveCfg = Release|Any CPU
		{6A8424B3-9495-4546-AE59-03BAFBCDA6EF}.Release|x64.Build.0 = Release|Any CPU
		{6A8424B3-9495-4546-AE59-03BAFBCDA6EF}.Release|x86.ActiveCfg = Release|Any CPU
		{6A8424B3-9495-4546-AE59-03BAFBCDA6EF}.Release|x86.Build.0 = Release|Any CPU
		{D1F72876-06EC-4ECF-AF0F-9281C9B81CD0}.Debug|Any CPU.ActiveCfg = Debug|Any CPU
		{D1F72876-06EC-4ECF-AF0F-9281C9B81CD0}.Debug|Any CPU.Build.0 = Debug|Any CPU
		{D1F72876-06EC-4ECF-AF0F-9281C9B81CD0}.Debug|x64.ActiveCfg = Debug|Any CPU
		{D1F72876-06EC-4ECF-AF0F-9281C9B81CD0}.Debug|x64.Build.0 = Debug|Any CPU
		{D1F72876-06EC-4ECF-AF0F-9281C9B81CD0}.Debug|x86.ActiveCfg = Debug|Any CPU
		{D1F72876-06EC-4ECF-AF0F-9281C9B81CD0}.Debug|x86.Build.0 = Debug|Any CPU
		{D1F72876-06EC-4ECF-AF0F-9281C9B81CD0}.Release|Any CPU.ActiveCfg = Release|Any CPU
		{D1F72876-06EC-4ECF-AF0F-9281C9B81CD0}.Release|Any CPU.Build.0 = Release|Any CPU
		{D1F72876-06EC-4ECF-AF0F-9281C9B81CD0}.Release|x64.ActiveCfg = Release|Any CPU
		{D1F72876-06EC-4ECF-AF0F-9281C9B81CD0}.Release|x64.Build.0 = Release|Any CPU
		{D1F72876-06EC-4ECF-AF0F-9281C9B81CD0}.Release|x86.ActiveCfg = Release|Any CPU
		{D1F72876-06EC-4ECF-AF0F-9281C9B81CD0}.Release|x86.Build.0 = Release|Any CPU
		{9ED1BA4E-DF5D-44BA-9F20-591321BB1FC9}.Debug|Any CPU.ActiveCfg = Debug|Any CPU
		{9ED1BA4E-DF5D-44BA-9F20-591321BB1FC9}.Debug|Any CPU.Build.0 = Debug|Any CPU
		{9ED1BA4E-DF5D-44BA-9F20-591321BB1FC9}.Debug|x64.ActiveCfg = Debug|Any CPU
		{9ED1BA4E-DF5D-44BA-9F20-591321BB1FC9}.Debug|x64.Build.0 = Debug|Any CPU
		{9ED1BA4E-DF5D-44BA-9F20-591321BB1FC9}.Debug|x86.ActiveCfg = Debug|Any CPU
		{9ED1BA4E-DF5D-44BA-9F20-591321BB1FC9}.Debug|x86.Build.0 = Debug|Any CPU
		{9ED1BA4E-DF5D-44BA-9F20-591321BB1FC9}.Release|Any CPU.ActiveCfg = Release|Any CPU
		{9ED1BA4E-DF5D-44BA-9F20-591321BB1FC9}.Release|Any CPU.Build.0 = Release|Any CPU
		{9ED1BA4E-DF5D-44BA-9F20-591321BB1FC9}.Release|x64.ActiveCfg = Release|Any CPU
		{9ED1BA4E-DF5D-44BA-9F20-591321BB1FC9}.Release|x64.Build.0 = Release|Any CPU
		{9ED1BA4E-DF5D-44BA-9F20-591321BB1FC9}.Release|x86.ActiveCfg = Release|Any CPU
		{9ED1BA4E-DF5D-44BA-9F20-591321BB1FC9}.Release|x86.Build.0 = Release|Any CPU
		{63B5753D-002B-4FF8-9B00-A62D0B6ED232}.Debug|Any CPU.ActiveCfg = Debug|Any CPU
		{63B5753D-002B-4FF8-9B00-A62D0B6ED232}.Debug|Any CPU.Build.0 = Debug|Any CPU
		{63B5753D-002B-4FF8-9B00-A62D0B6ED232}.Debug|x64.ActiveCfg = Debug|Any CPU
		{63B5753D-002B-4FF8-9B00-A62D0B6ED232}.Debug|x64.Build.0 = Debug|Any CPU
		{63B5753D-002B-4FF8-9B00-A62D0B6ED232}.Debug|x86.ActiveCfg = Debug|Any CPU
		{63B5753D-002B-4FF8-9B00-A62D0B6ED232}.Debug|x86.Build.0 = Debug|Any CPU
		{63B5753D-002B-4FF8-9B00-A62D0B6ED232}.Release|Any CPU.ActiveCfg = Release|Any CPU
		{63B5753D-002B-4FF8-9B00-A62D0B6ED232}.Release|Any CPU.Build.0 = Release|Any CPU
		{63B5753D-002B-4FF8-9B00-A62D0B6ED232}.Release|x64.ActiveCfg = Release|Any CPU
		{63B5753D-002B-4FF8-9B00-A62D0B6ED232}.Release|x64.Build.0 = Release|Any CPU
		{63B5753D-002B-4FF8-9B00-A62D0B6ED232}.Release|x86.ActiveCfg = Release|Any CPU
		{63B5753D-002B-4FF8-9B00-A62D0B6ED232}.Release|x86.Build.0 = Release|Any CPU
		{A355B510-5228-46C8-8EB5-877CDBE8C707}.Debug|Any CPU.ActiveCfg = Debug|Any CPU
		{A355B510-5228-46C8-8EB5-877CDBE8C707}.Debug|Any CPU.Build.0 = Debug|Any CPU
		{A355B510-5228-46C8-8EB5-877CDBE8C707}.Debug|x64.ActiveCfg = Debug|Any CPU
		{A355B510-5228-46C8-8EB5-877CDBE8C707}.Debug|x64.Build.0 = Debug|Any CPU
		{A355B510-5228-46C8-8EB5-877CDBE8C707}.Debug|x86.ActiveCfg = Debug|Any CPU
		{A355B510-5228-46C8-8EB5-877CDBE8C707}.Debug|x86.Build.0 = Debug|Any CPU
		{A355B510-5228-46C8-8EB5-877CDBE8C707}.Release|Any CPU.ActiveCfg = Release|Any CPU
		{A355B510-5228-46C8-8EB5-877CDBE8C707}.Release|Any CPU.Build.0 = Release|Any CPU
		{A355B510-5228-46C8-8EB5-877CDBE8C707}.Release|x64.ActiveCfg = Release|Any CPU
		{A355B510-5228-46C8-8EB5-877CDBE8C707}.Release|x64.Build.0 = Release|Any CPU
		{A355B510-5228-46C8-8EB5-877CDBE8C707}.Release|x86.ActiveCfg = Release|Any CPU
		{A355B510-5228-46C8-8EB5-877CDBE8C707}.Release|x86.Build.0 = Release|Any CPU
		{525A5249-BD6E-42BF-A016-B8BADFEB5136}.Debug|Any CPU.ActiveCfg = Debug|Any CPU
		{525A5249-BD6E-42BF-A016-B8BADFEB5136}.Debug|Any CPU.Build.0 = Debug|Any CPU
		{525A5249-BD6E-42BF-A016-B8BADFEB5136}.Debug|x64.ActiveCfg = Debug|Any CPU
		{525A5249-BD6E-42BF-A016-B8BADFEB5136}.Debug|x64.Build.0 = Debug|Any CPU
		{525A5249-BD6E-42BF-A016-B8BADFEB5136}.Debug|x86.ActiveCfg = Debug|Any CPU
		{525A5249-BD6E-42BF-A016-B8BADFEB5136}.Debug|x86.Build.0 = Debug|Any CPU
		{525A5249-BD6E-42BF-A016-B8BADFEB5136}.Release|Any CPU.ActiveCfg = Release|Any CPU
		{525A5249-BD6E-42BF-A016-B8BADFEB5136}.Release|Any CPU.Build.0 = Release|Any CPU
		{525A5249-BD6E-42BF-A016-B8BADFEB5136}.Release|x64.ActiveCfg = Release|Any CPU
		{525A5249-BD6E-42BF-A016-B8BADFEB5136}.Release|x64.Build.0 = Release|Any CPU
		{525A5249-BD6E-42BF-A016-B8BADFEB5136}.Release|x86.ActiveCfg = Release|Any CPU
		{525A5249-BD6E-42BF-A016-B8BADFEB5136}.Release|x86.Build.0 = Release|Any CPU
		{BF88540F-88EC-4722-ADD8-2F5CECB413AB}.Debug|Any CPU.ActiveCfg = Debug|Any CPU
		{BF88540F-88EC-4722-ADD8-2F5CECB413AB}.Debug|Any CPU.Build.0 = Debug|Any CPU
		{BF88540F-88EC-4722-ADD8-2F5CECB413AB}.Debug|x64.ActiveCfg = Debug|Any CPU
		{BF88540F-88EC-4722-ADD8-2F5CECB413AB}.Debug|x64.Build.0 = Debug|Any CPU
		{BF88540F-88EC-4722-ADD8-2F5CECB413AB}.Debug|x86.ActiveCfg = Debug|Any CPU
		{BF88540F-88EC-4722-ADD8-2F5CECB413AB}.Debug|x86.Build.0 = Debug|Any CPU
		{BF88540F-88EC-4722-ADD8-2F5CECB413AB}.Release|Any CPU.ActiveCfg = Release|Any CPU
		{BF88540F-88EC-4722-ADD8-2F5CECB413AB}.Release|Any CPU.Build.0 = Release|Any CPU
		{BF88540F-88EC-4722-ADD8-2F5CECB413AB}.Release|x64.ActiveCfg = Release|Any CPU
		{BF88540F-88EC-4722-ADD8-2F5CECB413AB}.Release|x64.Build.0 = Release|Any CPU
		{BF88540F-88EC-4722-ADD8-2F5CECB413AB}.Release|x86.ActiveCfg = Release|Any CPU
		{BF88540F-88EC-4722-ADD8-2F5CECB413AB}.Release|x86.Build.0 = Release|Any CPU
		{AD97A0CD-8A38-4DE7-BD4A-BB9D6DF09842}.Debug|Any CPU.ActiveCfg = Debug|Any CPU
		{AD97A0CD-8A38-4DE7-BD4A-BB9D6DF09842}.Debug|Any CPU.Build.0 = Debug|Any CPU
		{AD97A0CD-8A38-4DE7-BD4A-BB9D6DF09842}.Debug|x64.ActiveCfg = Debug|Any CPU
		{AD97A0CD-8A38-4DE7-BD4A-BB9D6DF09842}.Debug|x64.Build.0 = Debug|Any CPU
		{AD97A0CD-8A38-4DE7-BD4A-BB9D6DF09842}.Debug|x86.ActiveCfg = Debug|Any CPU
		{AD97A0CD-8A38-4DE7-BD4A-BB9D6DF09842}.Debug|x86.Build.0 = Debug|Any CPU
		{AD97A0CD-8A38-4DE7-BD4A-BB9D6DF09842}.Release|Any CPU.ActiveCfg = Release|Any CPU
		{AD97A0CD-8A38-4DE7-BD4A-BB9D6DF09842}.Release|Any CPU.Build.0 = Release|Any CPU
		{AD97A0CD-8A38-4DE7-BD4A-BB9D6DF09842}.Release|x64.ActiveCfg = Release|Any CPU
		{AD97A0CD-8A38-4DE7-BD4A-BB9D6DF09842}.Release|x64.Build.0 = Release|Any CPU
		{AD97A0CD-8A38-4DE7-BD4A-BB9D6DF09842}.Release|x86.ActiveCfg = Release|Any CPU
		{AD97A0CD-8A38-4DE7-BD4A-BB9D6DF09842}.Release|x86.Build.0 = Release|Any CPU
		{5983955F-F272-4B2C-A201-69FC0C9848C9}.Debug|Any CPU.ActiveCfg = Debug|Any CPU
		{5983955F-F272-4B2C-A201-69FC0C9848C9}.Debug|Any CPU.Build.0 = Debug|Any CPU
		{5983955F-F272-4B2C-A201-69FC0C9848C9}.Debug|x64.ActiveCfg = Debug|Any CPU
		{5983955F-F272-4B2C-A201-69FC0C9848C9}.Debug|x64.Build.0 = Debug|Any CPU
		{5983955F-F272-4B2C-A201-69FC0C9848C9}.Debug|x86.ActiveCfg = Debug|Any CPU
		{5983955F-F272-4B2C-A201-69FC0C9848C9}.Debug|x86.Build.0 = Debug|Any CPU
		{5983955F-F272-4B2C-A201-69FC0C9848C9}.Release|Any CPU.ActiveCfg = Release|Any CPU
		{5983955F-F272-4B2C-A201-69FC0C9848C9}.Release|Any CPU.Build.0 = Release|Any CPU
		{5983955F-F272-4B2C-A201-69FC0C9848C9}.Release|x64.ActiveCfg = Release|Any CPU
		{5983955F-F272-4B2C-A201-69FC0C9848C9}.Release|x64.Build.0 = Release|Any CPU
		{5983955F-F272-4B2C-A201-69FC0C9848C9}.Release|x86.ActiveCfg = Release|Any CPU
		{5983955F-F272-4B2C-A201-69FC0C9848C9}.Release|x86.Build.0 = Release|Any CPU
		{11DA56D8-ABC8-494C-8FDA-0AA7C6694A12}.Debug|Any CPU.ActiveCfg = Debug|Any CPU
		{11DA56D8-ABC8-494C-8FDA-0AA7C6694A12}.Debug|Any CPU.Build.0 = Debug|Any CPU
		{11DA56D8-ABC8-494C-8FDA-0AA7C6694A12}.Debug|x64.ActiveCfg = Debug|Any CPU
		{11DA56D8-ABC8-494C-8FDA-0AA7C6694A12}.Debug|x64.Build.0 = Debug|Any CPU
		{11DA56D8-ABC8-494C-8FDA-0AA7C6694A12}.Debug|x86.ActiveCfg = Debug|Any CPU
		{11DA56D8-ABC8-494C-8FDA-0AA7C6694A12}.Debug|x86.Build.0 = Debug|Any CPU
		{11DA56D8-ABC8-494C-8FDA-0AA7C6694A12}.Release|Any CPU.ActiveCfg = Release|Any CPU
		{11DA56D8-ABC8-494C-8FDA-0AA7C6694A12}.Release|Any CPU.Build.0 = Release|Any CPU
		{11DA56D8-ABC8-494C-8FDA-0AA7C6694A12}.Release|x64.ActiveCfg = Release|Any CPU
		{11DA56D8-ABC8-494C-8FDA-0AA7C6694A12}.Release|x64.Build.0 = Release|Any CPU
		{11DA56D8-ABC8-494C-8FDA-0AA7C6694A12}.Release|x86.ActiveCfg = Release|Any CPU
		{11DA56D8-ABC8-494C-8FDA-0AA7C6694A12}.Release|x86.Build.0 = Release|Any CPU
		{C28846F6-1D31-43D7-B100-B10932E905AF}.Debug|Any CPU.ActiveCfg = Debug|Any CPU
		{C28846F6-1D31-43D7-B100-B10932E905AF}.Debug|Any CPU.Build.0 = Debug|Any CPU
		{C28846F6-1D31-43D7-B100-B10932E905AF}.Debug|x64.ActiveCfg = Debug|Any CPU
		{C28846F6-1D31-43D7-B100-B10932E905AF}.Debug|x64.Build.0 = Debug|Any CPU
		{C28846F6-1D31-43D7-B100-B10932E905AF}.Debug|x86.ActiveCfg = Debug|Any CPU
		{C28846F6-1D31-43D7-B100-B10932E905AF}.Debug|x86.Build.0 = Debug|Any CPU
		{C28846F6-1D31-43D7-B100-B10932E905AF}.Release|Any CPU.ActiveCfg = Release|Any CPU
		{C28846F6-1D31-43D7-B100-B10932E905AF}.Release|Any CPU.Build.0 = Release|Any CPU
		{C28846F6-1D31-43D7-B100-B10932E905AF}.Release|x64.ActiveCfg = Release|Any CPU
		{C28846F6-1D31-43D7-B100-B10932E905AF}.Release|x64.Build.0 = Release|Any CPU
		{C28846F6-1D31-43D7-B100-B10932E905AF}.Release|x86.ActiveCfg = Release|Any CPU
		{C28846F6-1D31-43D7-B100-B10932E905AF}.Release|x86.Build.0 = Release|Any CPU
		{F857913D-98EA-4F38-910C-50535464CD0B}.Debug|Any CPU.ActiveCfg = Debug|Any CPU
		{F857913D-98EA-4F38-910C-50535464CD0B}.Debug|Any CPU.Build.0 = Debug|Any CPU
		{F857913D-98EA-4F38-910C-50535464CD0B}.Debug|x64.ActiveCfg = Debug|Any CPU
		{F857913D-98EA-4F38-910C-50535464CD0B}.Debug|x64.Build.0 = Debug|Any CPU
		{F857913D-98EA-4F38-910C-50535464CD0B}.Debug|x86.ActiveCfg = Debug|Any CPU
		{F857913D-98EA-4F38-910C-50535464CD0B}.Debug|x86.Build.0 = Debug|Any CPU
		{F857913D-98EA-4F38-910C-50535464CD0B}.Release|Any CPU.ActiveCfg = Release|Any CPU
		{F857913D-98EA-4F38-910C-50535464CD0B}.Release|Any CPU.Build.0 = Release|Any CPU
		{F857913D-98EA-4F38-910C-50535464CD0B}.Release|x64.ActiveCfg = Release|Any CPU
		{F857913D-98EA-4F38-910C-50535464CD0B}.Release|x64.Build.0 = Release|Any CPU
		{F857913D-98EA-4F38-910C-50535464CD0B}.Release|x86.ActiveCfg = Release|Any CPU
		{F857913D-98EA-4F38-910C-50535464CD0B}.Release|x86.Build.0 = Release|Any CPU
		{628996EE-FBB9-4EFD-8257-DAC6CF1AEF54}.Debug|Any CPU.ActiveCfg = Debug|Any CPU
		{628996EE-FBB9-4EFD-8257-DAC6CF1AEF54}.Debug|Any CPU.Build.0 = Debug|Any CPU
		{628996EE-FBB9-4EFD-8257-DAC6CF1AEF54}.Debug|x64.ActiveCfg = Debug|Any CPU
		{628996EE-FBB9-4EFD-8257-DAC6CF1AEF54}.Debug|x64.Build.0 = Debug|Any CPU
		{628996EE-FBB9-4EFD-8257-DAC6CF1AEF54}.Debug|x86.ActiveCfg = Debug|Any CPU
		{628996EE-FBB9-4EFD-8257-DAC6CF1AEF54}.Debug|x86.Build.0 = Debug|Any CPU
		{628996EE-FBB9-4EFD-8257-DAC6CF1AEF54}.Release|Any CPU.ActiveCfg = Release|Any CPU
		{628996EE-FBB9-4EFD-8257-DAC6CF1AEF54}.Release|Any CPU.Build.0 = Release|Any CPU
		{628996EE-FBB9-4EFD-8257-DAC6CF1AEF54}.Release|x64.ActiveCfg = Release|Any CPU
		{628996EE-FBB9-4EFD-8257-DAC6CF1AEF54}.Release|x64.Build.0 = Release|Any CPU
		{628996EE-FBB9-4EFD-8257-DAC6CF1AEF54}.Release|x86.ActiveCfg = Release|Any CPU
		{628996EE-FBB9-4EFD-8257-DAC6CF1AEF54}.Release|x86.Build.0 = Release|Any CPU
		{050C1D73-053D-4D41-A723-7CF9CC9C8DE0}.Debug|Any CPU.ActiveCfg = Debug|Any CPU
		{050C1D73-053D-4D41-A723-7CF9CC9C8DE0}.Debug|Any CPU.Build.0 = Debug|Any CPU
		{050C1D73-053D-4D41-A723-7CF9CC9C8DE0}.Debug|x64.ActiveCfg = Debug|Any CPU
		{050C1D73-053D-4D41-A723-7CF9CC9C8DE0}.Debug|x64.Build.0 = Debug|Any CPU
		{050C1D73-053D-4D41-A723-7CF9CC9C8DE0}.Debug|x86.ActiveCfg = Debug|Any CPU
		{050C1D73-053D-4D41-A723-7CF9CC9C8DE0}.Debug|x86.Build.0 = Debug|Any CPU
		{050C1D73-053D-4D41-A723-7CF9CC9C8DE0}.Release|Any CPU.ActiveCfg = Release|Any CPU
		{050C1D73-053D-4D41-A723-7CF9CC9C8DE0}.Release|Any CPU.Build.0 = Release|Any CPU
		{050C1D73-053D-4D41-A723-7CF9CC9C8DE0}.Release|x64.ActiveCfg = Release|Any CPU
		{050C1D73-053D-4D41-A723-7CF9CC9C8DE0}.Release|x64.Build.0 = Release|Any CPU
		{050C1D73-053D-4D41-A723-7CF9CC9C8DE0}.Release|x86.ActiveCfg = Release|Any CPU
		{050C1D73-053D-4D41-A723-7CF9CC9C8DE0}.Release|x86.Build.0 = Release|Any CPU
		{49971AE0-6568-413F-8951-A1FC305FD219}.Debug|Any CPU.ActiveCfg = Debug|Any CPU
		{49971AE0-6568-413F-8951-A1FC305FD219}.Debug|Any CPU.Build.0 = Debug|Any CPU
		{49971AE0-6568-413F-8951-A1FC305FD219}.Debug|x64.ActiveCfg = Debug|Any CPU
		{49971AE0-6568-413F-8951-A1FC305FD219}.Debug|x64.Build.0 = Debug|Any CPU
		{49971AE0-6568-413F-8951-A1FC305FD219}.Debug|x86.ActiveCfg = Debug|Any CPU
		{49971AE0-6568-413F-8951-A1FC305FD219}.Debug|x86.Build.0 = Debug|Any CPU
		{49971AE0-6568-413F-8951-A1FC305FD219}.Release|Any CPU.ActiveCfg = Release|Any CPU
		{49971AE0-6568-413F-8951-A1FC305FD219}.Release|Any CPU.Build.0 = Release|Any CPU
		{49971AE0-6568-413F-8951-A1FC305FD219}.Release|x64.ActiveCfg = Release|Any CPU
		{49971AE0-6568-413F-8951-A1FC305FD219}.Release|x64.Build.0 = Release|Any CPU
		{49971AE0-6568-413F-8951-A1FC305FD219}.Release|x86.ActiveCfg = Release|Any CPU
		{49971AE0-6568-413F-8951-A1FC305FD219}.Release|x86.Build.0 = Release|Any CPU
		{C3960228-5A66-4487-A012-AE0F28D4C30F}.Debug|Any CPU.ActiveCfg = Debug|Any CPU
		{C3960228-5A66-4487-A012-AE0F28D4C30F}.Debug|Any CPU.Build.0 = Debug|Any CPU
		{C3960228-5A66-4487-A012-AE0F28D4C30F}.Debug|x64.ActiveCfg = Debug|Any CPU
		{C3960228-5A66-4487-A012-AE0F28D4C30F}.Debug|x64.Build.0 = Debug|Any CPU
		{C3960228-5A66-4487-A012-AE0F28D4C30F}.Debug|x86.ActiveCfg = Debug|Any CPU
		{C3960228-5A66-4487-A012-AE0F28D4C30F}.Debug|x86.Build.0 = Debug|Any CPU
		{C3960228-5A66-4487-A012-AE0F28D4C30F}.Release|Any CPU.ActiveCfg = Release|Any CPU
		{C3960228-5A66-4487-A012-AE0F28D4C30F}.Release|Any CPU.Build.0 = Release|Any CPU
		{C3960228-5A66-4487-A012-AE0F28D4C30F}.Release|x64.ActiveCfg = Release|Any CPU
		{C3960228-5A66-4487-A012-AE0F28D4C30F}.Release|x64.Build.0 = Release|Any CPU
		{C3960228-5A66-4487-A012-AE0F28D4C30F}.Release|x86.ActiveCfg = Release|Any CPU
		{C3960228-5A66-4487-A012-AE0F28D4C30F}.Release|x86.Build.0 = Release|Any CPU
		{95BB1588-716D-481B-A01F-AC438EF00AC8}.Debug|Any CPU.ActiveCfg = Debug|Any CPU
		{95BB1588-716D-481B-A01F-AC438EF00AC8}.Debug|Any CPU.Build.0 = Debug|Any CPU
		{95BB1588-716D-481B-A01F-AC438EF00AC8}.Debug|x64.ActiveCfg = Debug|Any CPU
		{95BB1588-716D-481B-A01F-AC438EF00AC8}.Debug|x64.Build.0 = Debug|Any CPU
		{95BB1588-716D-481B-A01F-AC438EF00AC8}.Debug|x86.ActiveCfg = Debug|Any CPU
		{95BB1588-716D-481B-A01F-AC438EF00AC8}.Debug|x86.Build.0 = Debug|Any CPU
		{95BB1588-716D-481B-A01F-AC438EF00AC8}.Release|Any CPU.ActiveCfg = Release|Any CPU
		{95BB1588-716D-481B-A01F-AC438EF00AC8}.Release|Any CPU.Build.0 = Release|Any CPU
		{95BB1588-716D-481B-A01F-AC438EF00AC8}.Release|x64.ActiveCfg = Release|Any CPU
		{95BB1588-716D-481B-A01F-AC438EF00AC8}.Release|x64.Build.0 = Release|Any CPU
		{95BB1588-716D-481B-A01F-AC438EF00AC8}.Release|x86.ActiveCfg = Release|Any CPU
		{95BB1588-716D-481B-A01F-AC438EF00AC8}.Release|x86.Build.0 = Release|Any CPU
		{8C2D224D-3B20-4D09-9831-8056D0877C9C}.Debug|Any CPU.ActiveCfg = Debug|Any CPU
		{8C2D224D-3B20-4D09-9831-8056D0877C9C}.Debug|Any CPU.Build.0 = Debug|Any CPU
		{8C2D224D-3B20-4D09-9831-8056D0877C9C}.Debug|x64.ActiveCfg = Debug|Any CPU
		{8C2D224D-3B20-4D09-9831-8056D0877C9C}.Debug|x64.Build.0 = Debug|Any CPU
		{8C2D224D-3B20-4D09-9831-8056D0877C9C}.Debug|x86.ActiveCfg = Debug|Any CPU
		{8C2D224D-3B20-4D09-9831-8056D0877C9C}.Debug|x86.Build.0 = Debug|Any CPU
		{8C2D224D-3B20-4D09-9831-8056D0877C9C}.Release|Any CPU.ActiveCfg = Release|Any CPU
		{8C2D224D-3B20-4D09-9831-8056D0877C9C}.Release|Any CPU.Build.0 = Release|Any CPU
		{8C2D224D-3B20-4D09-9831-8056D0877C9C}.Release|x64.ActiveCfg = Release|Any CPU
		{8C2D224D-3B20-4D09-9831-8056D0877C9C}.Release|x64.Build.0 = Release|Any CPU
		{8C2D224D-3B20-4D09-9831-8056D0877C9C}.Release|x86.ActiveCfg = Release|Any CPU
		{8C2D224D-3B20-4D09-9831-8056D0877C9C}.Release|x86.Build.0 = Release|Any CPU
		{D1855CDF-2E7F-4D00-B9C9-0FA1D5CC8A37}.Debug|Any CPU.ActiveCfg = Debug|Any CPU
		{D1855CDF-2E7F-4D00-B9C9-0FA1D5CC8A37}.Debug|Any CPU.Build.0 = Debug|Any CPU
		{D1855CDF-2E7F-4D00-B9C9-0FA1D5CC8A37}.Debug|x64.ActiveCfg = Debug|Any CPU
		{D1855CDF-2E7F-4D00-B9C9-0FA1D5CC8A37}.Debug|x64.Build.0 = Debug|Any CPU
		{D1855CDF-2E7F-4D00-B9C9-0FA1D5CC8A37}.Debug|x86.ActiveCfg = Debug|Any CPU
		{D1855CDF-2E7F-4D00-B9C9-0FA1D5CC8A37}.Debug|x86.Build.0 = Debug|Any CPU
		{D1855CDF-2E7F-4D00-B9C9-0FA1D5CC8A37}.Release|Any CPU.ActiveCfg = Release|Any CPU
		{D1855CDF-2E7F-4D00-B9C9-0FA1D5CC8A37}.Release|Any CPU.Build.0 = Release|Any CPU
		{D1855CDF-2E7F-4D00-B9C9-0FA1D5CC8A37}.Release|x64.ActiveCfg = Release|Any CPU
		{D1855CDF-2E7F-4D00-B9C9-0FA1D5CC8A37}.Release|x64.Build.0 = Release|Any CPU
		{D1855CDF-2E7F-4D00-B9C9-0FA1D5CC8A37}.Release|x86.ActiveCfg = Release|Any CPU
		{D1855CDF-2E7F-4D00-B9C9-0FA1D5CC8A37}.Release|x86.Build.0 = Release|Any CPU
		{ECE79492-CDDC-4119-A24F-E8FDD6C2A439}.Debug|Any CPU.ActiveCfg = Debug|Any CPU
		{ECE79492-CDDC-4119-A24F-E8FDD6C2A439}.Debug|Any CPU.Build.0 = Debug|Any CPU
		{ECE79492-CDDC-4119-A24F-E8FDD6C2A439}.Debug|x64.ActiveCfg = Debug|Any CPU
		{ECE79492-CDDC-4119-A24F-E8FDD6C2A439}.Debug|x64.Build.0 = Debug|Any CPU
		{ECE79492-CDDC-4119-A24F-E8FDD6C2A439}.Debug|x86.ActiveCfg = Debug|Any CPU
		{ECE79492-CDDC-4119-A24F-E8FDD6C2A439}.Debug|x86.Build.0 = Debug|Any CPU
		{ECE79492-CDDC-4119-A24F-E8FDD6C2A439}.Release|Any CPU.ActiveCfg = Release|Any CPU
		{ECE79492-CDDC-4119-A24F-E8FDD6C2A439}.Release|Any CPU.Build.0 = Release|Any CPU
		{ECE79492-CDDC-4119-A24F-E8FDD6C2A439}.Release|x64.ActiveCfg = Release|Any CPU
		{ECE79492-CDDC-4119-A24F-E8FDD6C2A439}.Release|x64.Build.0 = Release|Any CPU
		{ECE79492-CDDC-4119-A24F-E8FDD6C2A439}.Release|x86.ActiveCfg = Release|Any CPU
		{ECE79492-CDDC-4119-A24F-E8FDD6C2A439}.Release|x86.Build.0 = Release|Any CPU
		{735BEACB-2086-48AD-B141-FC897B856885}.Debug|Any CPU.ActiveCfg = Debug|Any CPU
		{735BEACB-2086-48AD-B141-FC897B856885}.Debug|Any CPU.Build.0 = Debug|Any CPU
		{735BEACB-2086-48AD-B141-FC897B856885}.Debug|x64.ActiveCfg = Debug|Any CPU
		{735BEACB-2086-48AD-B141-FC897B856885}.Debug|x64.Build.0 = Debug|Any CPU
		{735BEACB-2086-48AD-B141-FC897B856885}.Debug|x86.ActiveCfg = Debug|Any CPU
		{735BEACB-2086-48AD-B141-FC897B856885}.Debug|x86.Build.0 = Debug|Any CPU
		{735BEACB-2086-48AD-B141-FC897B856885}.Release|Any CPU.ActiveCfg = Release|Any CPU
		{735BEACB-2086-48AD-B141-FC897B856885}.Release|Any CPU.Build.0 = Release|Any CPU
		{735BEACB-2086-48AD-B141-FC897B856885}.Release|x64.ActiveCfg = Release|Any CPU
		{735BEACB-2086-48AD-B141-FC897B856885}.Release|x64.Build.0 = Release|Any CPU
		{735BEACB-2086-48AD-B141-FC897B856885}.Release|x86.ActiveCfg = Release|Any CPU
		{735BEACB-2086-48AD-B141-FC897B856885}.Release|x86.Build.0 = Release|Any CPU
		{5ECB08DC-107A-437E-AB09-43DB6B80B561}.Debug|Any CPU.ActiveCfg = Debug|Any CPU
		{5ECB08DC-107A-437E-AB09-43DB6B80B561}.Debug|Any CPU.Build.0 = Debug|Any CPU
		{5ECB08DC-107A-437E-AB09-43DB6B80B561}.Debug|x64.ActiveCfg = Debug|Any CPU
		{5ECB08DC-107A-437E-AB09-43DB6B80B561}.Debug|x64.Build.0 = Debug|Any CPU
		{5ECB08DC-107A-437E-AB09-43DB6B80B561}.Debug|x86.ActiveCfg = Debug|Any CPU
		{5ECB08DC-107A-437E-AB09-43DB6B80B561}.Debug|x86.Build.0 = Debug|Any CPU
		{5ECB08DC-107A-437E-AB09-43DB6B80B561}.Release|Any CPU.ActiveCfg = Release|Any CPU
		{5ECB08DC-107A-437E-AB09-43DB6B80B561}.Release|Any CPU.Build.0 = Release|Any CPU
		{5ECB08DC-107A-437E-AB09-43DB6B80B561}.Release|x64.ActiveCfg = Release|Any CPU
		{5ECB08DC-107A-437E-AB09-43DB6B80B561}.Release|x64.Build.0 = Release|Any CPU
		{5ECB08DC-107A-437E-AB09-43DB6B80B561}.Release|x86.ActiveCfg = Release|Any CPU
		{5ECB08DC-107A-437E-AB09-43DB6B80B561}.Release|x86.Build.0 = Release|Any CPU
		{76C5E3FB-752C-4AA8-8F36-B90E7F97A246}.Debug|Any CPU.ActiveCfg = Debug|Any CPU
		{76C5E3FB-752C-4AA8-8F36-B90E7F97A246}.Debug|Any CPU.Build.0 = Debug|Any CPU
		{76C5E3FB-752C-4AA8-8F36-B90E7F97A246}.Debug|x64.ActiveCfg = Debug|Any CPU
		{76C5E3FB-752C-4AA8-8F36-B90E7F97A246}.Debug|x64.Build.0 = Debug|Any CPU
		{76C5E3FB-752C-4AA8-8F36-B90E7F97A246}.Debug|x86.ActiveCfg = Debug|Any CPU
		{76C5E3FB-752C-4AA8-8F36-B90E7F97A246}.Debug|x86.Build.0 = Debug|Any CPU
		{76C5E3FB-752C-4AA8-8F36-B90E7F97A246}.Release|Any CPU.ActiveCfg = Release|Any CPU
		{76C5E3FB-752C-4AA8-8F36-B90E7F97A246}.Release|Any CPU.Build.0 = Release|Any CPU
		{76C5E3FB-752C-4AA8-8F36-B90E7F97A246}.Release|x64.ActiveCfg = Release|Any CPU
		{76C5E3FB-752C-4AA8-8F36-B90E7F97A246}.Release|x64.Build.0 = Release|Any CPU
		{76C5E3FB-752C-4AA8-8F36-B90E7F97A246}.Release|x86.ActiveCfg = Release|Any CPU
		{76C5E3FB-752C-4AA8-8F36-B90E7F97A246}.Release|x86.Build.0 = Release|Any CPU
		{D4CBE6D5-EEF7-415F-BBEC-57E0EDD623E7}.Debug|Any CPU.ActiveCfg = Debug|Any CPU
		{D4CBE6D5-EEF7-415F-BBEC-57E0EDD623E7}.Debug|Any CPU.Build.0 = Debug|Any CPU
		{D4CBE6D5-EEF7-415F-BBEC-57E0EDD623E7}.Debug|x64.ActiveCfg = Debug|Any CPU
		{D4CBE6D5-EEF7-415F-BBEC-57E0EDD623E7}.Debug|x64.Build.0 = Debug|Any CPU
		{D4CBE6D5-EEF7-415F-BBEC-57E0EDD623E7}.Debug|x86.ActiveCfg = Debug|Any CPU
		{D4CBE6D5-EEF7-415F-BBEC-57E0EDD623E7}.Debug|x86.Build.0 = Debug|Any CPU
		{D4CBE6D5-EEF7-415F-BBEC-57E0EDD623E7}.Release|Any CPU.ActiveCfg = Release|Any CPU
		{D4CBE6D5-EEF7-415F-BBEC-57E0EDD623E7}.Release|Any CPU.Build.0 = Release|Any CPU
		{D4CBE6D5-EEF7-415F-BBEC-57E0EDD623E7}.Release|x64.ActiveCfg = Release|Any CPU
		{D4CBE6D5-EEF7-415F-BBEC-57E0EDD623E7}.Release|x64.Build.0 = Release|Any CPU
		{D4CBE6D5-EEF7-415F-BBEC-57E0EDD623E7}.Release|x86.ActiveCfg = Release|Any CPU
		{D4CBE6D5-EEF7-415F-BBEC-57E0EDD623E7}.Release|x86.Build.0 = Release|Any CPU
		{58A9B6E3-FCFC-41D4-90BB-8E0BFC279F23}.Debug|Any CPU.ActiveCfg = Debug|Any CPU
		{58A9B6E3-FCFC-41D4-90BB-8E0BFC279F23}.Debug|Any CPU.Build.0 = Debug|Any CPU
		{58A9B6E3-FCFC-41D4-90BB-8E0BFC279F23}.Debug|x64.ActiveCfg = Debug|Any CPU
		{58A9B6E3-FCFC-41D4-90BB-8E0BFC279F23}.Debug|x64.Build.0 = Debug|Any CPU
		{58A9B6E3-FCFC-41D4-90BB-8E0BFC279F23}.Debug|x86.ActiveCfg = Debug|Any CPU
		{58A9B6E3-FCFC-41D4-90BB-8E0BFC279F23}.Debug|x86.Build.0 = Debug|Any CPU
		{58A9B6E3-FCFC-41D4-90BB-8E0BFC279F23}.Release|Any CPU.ActiveCfg = Release|Any CPU
		{58A9B6E3-FCFC-41D4-90BB-8E0BFC279F23}.Release|Any CPU.Build.0 = Release|Any CPU
		{58A9B6E3-FCFC-41D4-90BB-8E0BFC279F23}.Release|x64.ActiveCfg = Release|Any CPU
		{58A9B6E3-FCFC-41D4-90BB-8E0BFC279F23}.Release|x64.Build.0 = Release|Any CPU
		{58A9B6E3-FCFC-41D4-90BB-8E0BFC279F23}.Release|x86.ActiveCfg = Release|Any CPU
		{58A9B6E3-FCFC-41D4-90BB-8E0BFC279F23}.Release|x86.Build.0 = Release|Any CPU
		{F693C978-8A1B-41BA-9F2F-40418929C209}.Debug|Any CPU.ActiveCfg = Debug|Any CPU
		{F693C978-8A1B-41BA-9F2F-40418929C209}.Debug|Any CPU.Build.0 = Debug|Any CPU
		{F693C978-8A1B-41BA-9F2F-40418929C209}.Debug|x64.ActiveCfg = Debug|Any CPU
		{F693C978-8A1B-41BA-9F2F-40418929C209}.Debug|x64.Build.0 = Debug|Any CPU
		{F693C978-8A1B-41BA-9F2F-40418929C209}.Debug|x86.ActiveCfg = Debug|Any CPU
		{F693C978-8A1B-41BA-9F2F-40418929C209}.Debug|x86.Build.0 = Debug|Any CPU
		{F693C978-8A1B-41BA-9F2F-40418929C209}.Release|Any CPU.ActiveCfg = Release|Any CPU
		{F693C978-8A1B-41BA-9F2F-40418929C209}.Release|Any CPU.Build.0 = Release|Any CPU
		{F693C978-8A1B-41BA-9F2F-40418929C209}.Release|x64.ActiveCfg = Release|Any CPU
		{F693C978-8A1B-41BA-9F2F-40418929C209}.Release|x64.Build.0 = Release|Any CPU
		{F693C978-8A1B-41BA-9F2F-40418929C209}.Release|x86.ActiveCfg = Release|Any CPU
		{F693C978-8A1B-41BA-9F2F-40418929C209}.Release|x86.Build.0 = Release|Any CPU
		{AEF2C77C-8BE0-47DE-A0C3-8CE89846BABC}.Debug|Any CPU.ActiveCfg = Debug|Any CPU
		{AEF2C77C-8BE0-47DE-A0C3-8CE89846BABC}.Debug|Any CPU.Build.0 = Debug|Any CPU
		{AEF2C77C-8BE0-47DE-A0C3-8CE89846BABC}.Debug|x64.ActiveCfg = Debug|Any CPU
		{AEF2C77C-8BE0-47DE-A0C3-8CE89846BABC}.Debug|x64.Build.0 = Debug|Any CPU
		{AEF2C77C-8BE0-47DE-A0C3-8CE89846BABC}.Debug|x86.ActiveCfg = Debug|Any CPU
		{AEF2C77C-8BE0-47DE-A0C3-8CE89846BABC}.Debug|x86.Build.0 = Debug|Any CPU
		{AEF2C77C-8BE0-47DE-A0C3-8CE89846BABC}.Release|Any CPU.ActiveCfg = Release|Any CPU
		{AEF2C77C-8BE0-47DE-A0C3-8CE89846BABC}.Release|Any CPU.Build.0 = Release|Any CPU
		{AEF2C77C-8BE0-47DE-A0C3-8CE89846BABC}.Release|x64.ActiveCfg = Release|Any CPU
		{AEF2C77C-8BE0-47DE-A0C3-8CE89846BABC}.Release|x64.Build.0 = Release|Any CPU
		{AEF2C77C-8BE0-47DE-A0C3-8CE89846BABC}.Release|x86.ActiveCfg = Release|Any CPU
		{AEF2C77C-8BE0-47DE-A0C3-8CE89846BABC}.Release|x86.Build.0 = Release|Any CPU
	EndGlobalSection
	GlobalSection(SolutionProperties) = preSolution
		HideSolutionNode = FALSE
	EndGlobalSection
	GlobalSection(NestedProjects) = preSolution
		{C8E42992-5E42-0C2B-DBFE-AA848D06431C} = {827E0CD3-B72D-47B6-A68D-7590B98EB39B}
		{B58505BA-DA47-4D01-9513-9852CC0E9545} = {C8E42992-5E42-0C2B-DBFE-AA848D06431C}
		{EBABB52F-4E74-4026-AB9D-A3CD4F037F2B} = {C8E42992-5E42-0C2B-DBFE-AA848D06431C}
		{93D4953A-51E3-40F4-BF54-061C37280A5A} = {C8E42992-5E42-0C2B-DBFE-AA848D06431C}
		{37DC5268-85E1-4350-9BD5-C527650C45E3} = {C8E42992-5E42-0C2B-DBFE-AA848D06431C}
		{A2F26736-F73F-474B-AB40-6E2CAD9A757A} = {C8E42992-5E42-0C2B-DBFE-AA848D06431C}
		{AF7CAC4B-2DC1-4B3D-AF6E-40545F81FFA0} = {C8E42992-5E42-0C2B-DBFE-AA848D06431C}
		{984BB9B3-3FA3-BE33-9484-CAC21695A33C} = {827E0CD3-B72D-47B6-A68D-7590B98EB39B}
		{F14DB842-38D8-D9E8-1328-08AF2D925140} = {984BB9B3-3FA3-BE33-9484-CAC21695A33C}
		{5F49720B-5855-42CA-8160-326A64FF5207} = {F14DB842-38D8-D9E8-1328-08AF2D925140}
		{B51CD818-3CF2-4C36-952C-0A9B1F3C51A3} = {F14DB842-38D8-D9E8-1328-08AF2D925140}
		{EEBE69B7-5380-4C27-AA88-772E3F07D66F} = {F14DB842-38D8-D9E8-1328-08AF2D925140}
		{6A8424B3-9495-4546-AE59-03BAFBCDA6EF} = {F14DB842-38D8-D9E8-1328-08AF2D925140}
		{D1F72876-06EC-4ECF-AF0F-9281C9B81CD0} = {F14DB842-38D8-D9E8-1328-08AF2D925140}
		{9ED1BA4E-DF5D-44BA-9F20-591321BB1FC9} = {F14DB842-38D8-D9E8-1328-08AF2D925140}
		{63B5753D-002B-4FF8-9B00-A62D0B6ED232} = {F14DB842-38D8-D9E8-1328-08AF2D925140}
		{A355B510-5228-46C8-8EB5-877CDBE8C707} = {F14DB842-38D8-D9E8-1328-08AF2D925140}
		{525A5249-BD6E-42BF-A016-B8BADFEB5136} = {F14DB842-38D8-D9E8-1328-08AF2D925140}
		{BF88540F-88EC-4722-ADD8-2F5CECB413AB} = {F14DB842-38D8-D9E8-1328-08AF2D925140}
		{AD97A0CD-8A38-4DE7-BD4A-BB9D6DF09842} = {F14DB842-38D8-D9E8-1328-08AF2D925140}
		{5983955F-F272-4B2C-A201-69FC0C9848C9} = {F14DB842-38D8-D9E8-1328-08AF2D925140}
		{11DA56D8-ABC8-494C-8FDA-0AA7C6694A12} = {F14DB842-38D8-D9E8-1328-08AF2D925140}
		{C28846F6-1D31-43D7-B100-B10932E905AF} = {F14DB842-38D8-D9E8-1328-08AF2D925140}
		{F857913D-98EA-4F38-910C-50535464CD0B} = {F14DB842-38D8-D9E8-1328-08AF2D925140}
		{628996EE-FBB9-4EFD-8257-DAC6CF1AEF54} = {F14DB842-38D8-D9E8-1328-08AF2D925140}
		{050C1D73-053D-4D41-A723-7CF9CC9C8DE0} = {F14DB842-38D8-D9E8-1328-08AF2D925140}
		{49971AE0-6568-413F-8951-A1FC305FD219} = {F14DB842-38D8-D9E8-1328-08AF2D925140}
		{C3960228-5A66-4487-A012-AE0F28D4C30F} = {F14DB842-38D8-D9E8-1328-08AF2D925140}
		{95BB1588-716D-481B-A01F-AC438EF00AC8} = {F14DB842-38D8-D9E8-1328-08AF2D925140}
		{8C2D224D-3B20-4D09-9831-8056D0877C9C} = {F14DB842-38D8-D9E8-1328-08AF2D925140}
		{D1855CDF-2E7F-4D00-B9C9-0FA1D5CC8A37} = {F14DB842-38D8-D9E8-1328-08AF2D925140}
		{ECE79492-CDDC-4119-A24F-E8FDD6C2A439} = {F14DB842-38D8-D9E8-1328-08AF2D925140}
		{735BEACB-2086-48AD-B141-FC897B856885} = {F14DB842-38D8-D9E8-1328-08AF2D925140}
		{5ECB08DC-107A-437E-AB09-43DB6B80B561} = {F14DB842-38D8-D9E8-1328-08AF2D925140}
		{76C5E3FB-752C-4AA8-8F36-B90E7F97A246} = {F14DB842-38D8-D9E8-1328-08AF2D925140}
		{D4CBE6D5-EEF7-415F-BBEC-57E0EDD623E7} = {F14DB842-38D8-D9E8-1328-08AF2D925140}
		{58A9B6E3-FCFC-41D4-90BB-8E0BFC279F23} = {F14DB842-38D8-D9E8-1328-08AF2D925140}
		{F693C978-8A1B-41BA-9F2F-40418929C209} = {F14DB842-38D8-D9E8-1328-08AF2D925140}
		{AEF2C77C-8BE0-47DE-A0C3-8CE89846BABC} = {F14DB842-38D8-D9E8-1328-08AF2D925140}
	EndGlobalSection
EndGlobal
