
Microsoft Visual Studio Solution File, Format Version 12.00
# Visual Studio Version 17
VisualStudioVersion = 17.0.31903.59
MinimumVisualStudioVersion = 10.0.40219.1
Project("{FAE04EC0-301F-11D3-BF4B-00C04F79EFBC}") = "NexConvo.Gateway", "src\gateway\NexConvo.Gateway\NexConvo.Gateway.csproj", "{66A7B2FC-6EE7-43EC-AB9A-C745B62013EA}"
EndProject
Project("{FAE04EC0-301F-11D3-BF4B-00C04F79EFBC}") = "NexConvo.AiAssistant.Api", "src\services\AiAssistant\NexConvo.AiAssistant.Api\NexConvo.AiAssistant.Api.csproj", "{D123CDB2-2059-46AE-A50C-1232680B8064}"
EndProject
Project("{FAE04EC0-301F-11D3-BF4B-00C04F79EFBC}") = "NexConvo.AiAssistant.Application", "src\services\AiAssistant\NexConvo.AiAssistant.Application\NexConvo.AiAssistant.Application.csproj", "{86B91287-B17D-4E0A-9C1B-94AFC0120910}"
EndProject
Project("{FAE04EC0-301F-11D3-BF4B-00C04F79EFBC}") = "NexConvo.AiAssistant.Domain", "src\services\AiAssistant\NexConvo.AiAssistant.Domain\NexConvo.AiAssistant.Domain.csproj", "{FC973028-963D-4A9E-94FF-7F8F5E0B1F44}"
EndProject
Project("{FAE04EC0-301F-11D3-BF4B-00C04F79EFBC}") = "NexConvo.AiAssistant.Infrastructure", "src\services\AiAssistant\NexConvo.AiAssistant.Infrastructure\NexConvo.AiAssistant.Infrastructure.csproj", "{B5B984DB-C67D-484B-9D01-DA3E35E979F9}"
EndProject
Project("{FAE04EC0-301F-11D3-BF4B-00C04F79EFBC}") = "NexConvo.Automation.Application", "src\services\Automation\NexConvo.Automation.Application\NexConvo.Automation.Application.csproj", "{82E5F4C0-514E-4087-BAD7-04C247AEB3DE}"
EndProject
Project("{FAE04EC0-301F-11D3-BF4B-00C04F79EFBC}") = "NexConvo.Automation.Domain", "src\services\Automation\NexConvo.Automation.Domain\NexConvo.Automation.Domain.csproj", "{95D68CD2-923A-4699-8ADF-E8E9AEA431D1}"
EndProject
Project("{FAE04EC0-301F-11D3-BF4B-00C04F79EFBC}") = "NexConvo.Automation.Infrastructure", "src\services\Automation\NexConvo.Automation.Infrastructure\NexConvo.Automation.Infrastructure.csproj", "{B1E2A795-BF68-438D-89AB-1442EFFE7135}"
EndProject
Project("{FAE04EC0-301F-11D3-BF4B-00C04F79EFBC}") = "NexConvo.Automation.Worker", "src\services\Automation\NexConvo.Automation.Worker\NexConvo.Automation.Worker.csproj", "{8A23C5ED-E22B-4264-9DBD-C74B986B7213}"
EndProject
Project("{FAE04EC0-301F-11D3-BF4B-00C04F79EFBC}") = "NexConvo.Chat.Api", "src\services\Chat\NexConvo.Chat.Api\NexConvo.Chat.Api.csproj", "{E7B8329D-15E3-4412-A95E-3C72AEA6B73C}"
EndProject
Project("{FAE04EC0-301F-11D3-BF4B-00C04F79EFBC}") = "NexConvo.Chat.Application", "src\services\Chat\NexConvo.Chat.Application\NexConvo.Chat.Application.csproj", "{FDC3511D-104C-4F25-AB97-D7A314E3032D}"
EndProject
Project("{FAE04EC0-301F-11D3-BF4B-00C04F79EFBC}") = "NexConvo.Chat.Domain", "src\services\Chat\NexConvo.Chat.Domain\NexConvo.Chat.Domain.csproj", "{00CBA722-9902-44C3-AA0A-4447EBE76A97}"
EndProject
Project("{FAE04EC0-301F-11D3-BF4B-00C04F79EFBC}") = "NexConvo.Chat.Infrastructure", "src\services\Chat\NexConvo.Chat.Infrastructure\NexConvo.Chat.Infrastructure.csproj", "{2E7F5492-DB5D-469D-B2C6-36D424092CF7}"
EndProject
Project("{FAE04EC0-301F-11D3-BF4B-00C04F79EFBC}") = "NexConvo.CoreCrm.Api", "src\services\CoreCrm\NexConvo.CoreCrm.Api\NexConvo.CoreCrm.Api.csproj", "{DDF9B791-2F8F-442C-AB4F-25E2A8FF2FAE}"
EndProject
Project("{FAE04EC0-301F-11D3-BF4B-00C04F79EFBC}") = "NexConvo.CoreCrm.Application", "src\services\CoreCrm\NexConvo.CoreCrm.Application\NexConvo.CoreCrm.Application.csproj", "{EBBDDC20-F9B2-41D6-8C51-43970EA9215D}"
EndProject
Project("{FAE04EC0-301F-11D3-BF4B-00C04F79EFBC}") = "NexConvo.CoreCrm.Domain", "src\services\CoreCrm\NexConvo.CoreCrm.Domain\NexConvo.CoreCrm.Domain.csproj", "{953ABA8E-A74D-4257-A152-2676FD5B8459}"
EndProject
Project("{FAE04EC0-301F-11D3-BF4B-00C04F79EFBC}") = "NexConvo.CoreCrm.Infrastructure", "src\services\CoreCrm\NexConvo.CoreCrm.Infrastructure\NexConvo.CoreCrm.Infrastructure.csproj", "{727EB122-5FA2-4956-BB8E-0B5C10EE7D72}"
EndProject
Project("{FAE04EC0-301F-11D3-BF4B-00C04F79EFBC}") = "NexConvo.Identity.Api", "src\services\Identity\NexConvo.Identity.Api\NexConvo.Identity.Api.csproj", "{D2277125-3438-4454-A164-B41825BED611}"
EndProject
Project("{FAE04EC0-301F-11D3-BF4B-00C04F79EFBC}") = "NexConvo.Identity.Application", "src\services\Identity\NexConvo.Identity.Application\NexConvo.Identity.Application.csproj", "{D0F03550-12BF-4F12-BD40-5ECCFEA51DE1}"
EndProject
Project("{FAE04EC0-301F-11D3-BF4B-00C04F79EFBC}") = "NexConvo.Identity.Domain", "src\services\Identity\NexConvo.Identity.Domain\NexConvo.Identity.Domain.csproj", "{4F7E085E-C453-43D1-9F22-EC5EC903D9DC}"
EndProject
Project("{FAE04EC0-301F-11D3-BF4B-00C04F79EFBC}") = "NexConvo.Identity.Infrastructure", "src\services\Identity\NexConvo.Identity.Infrastructure\NexConvo.Identity.Infrastructure.csproj", "{6B202D87-DF80-450C-95AE-E64157FA69FB}"
EndProject
Project("{FAE04EC0-301F-11D3-BF4B-00C04F79EFBC}") = "NexConvo.Voice.Api", "src\services\Voice\NexConvo.Voice.Api\NexConvo.Voice.Api.csproj", "{DF273057-3DCB-4606-999C-3369EAB4D5A9}"
EndProject
Project("{FAE04EC0-301F-11D3-BF4B-00C04F79EFBC}") = "NexConvo.Voice.Application", "src\services\Voice\NexConvo.Voice.Application\NexConvo.Voice.Application.csproj", "{14D735E1-1FD4-4CE2-AF74-753159F9103C}"
EndProject
Project("{FAE04EC0-301F-11D3-BF4B-00C04F79EFBC}") = "NexConvo.Voice.Domain", "src\services\Voice\NexConvo.Voice.Domain\NexConvo.Voice.Domain.csproj", "{8E9F9CAB-E97B-4D95-A6BC-75D170CF81EE}"
EndProject
Project("{FAE04EC0-301F-11D3-BF4B-00C04F79EFBC}") = "NexConvo.Voice.Infrastructure", "src\services\Voice\NexConvo.Voice.Infrastructure\NexConvo.Voice.Infrastructure.csproj", "{617D55A4-1BB1-414B-BCE7-1D72AFCA5C56}"
EndProject
Project("{FAE04EC0-301F-11D3-BF4B-00C04F79EFBC}") = "NexConvo.BuildingBlocks.Application", "src\shared\NexConvo.BuildingBlocks.Application\NexConvo.BuildingBlocks.Application.csproj", "{AC9D573C-14D8-4DF0-9B2D-FCA90BFD6539}"
EndProject
Project("{FAE04EC0-301F-11D3-BF4B-00C04F79EFBC}") = "NexConvo.BuildingBlocks.Domain", "src\shared\NexConvo.BuildingBlocks.Domain\NexConvo.BuildingBlocks.Domain.csproj", "{CC8A0889-AAB4-4F1E-82AB-1B27EBEB8025}"
EndProject
Project("{FAE04EC0-301F-11D3-BF4B-00C04F79EFBC}") = "NexConvo.BuildingBlocks.Infrastructure", "src\shared\NexConvo.BuildingBlocks.Infrastructure\NexConvo.BuildingBlocks.Infrastructure.csproj", "{2658ACBF-3C74-4278-86E9-3E868473977A}"
EndProject
Project("{FAE04EC0-301F-11D3-BF4B-00C04F79EFBC}") = "NexConvo.Contracts", "src\shared\NexConvo.Contracts\NexConvo.Contracts.csproj", "{55C2EC50-1D6A-436F-A949-FDBB4891246A}"
EndProject
Project("{FAE04EC0-301F-11D3-BF4B-00C04F79EFBC}") = "NexConvo.AiAssistant.Tests", "tests\NexConvo.AiAssistant.Tests\NexConvo.AiAssistant.Tests.csproj", "{AFB72078-877B-44F2-BB49-9F617A61574F}"
EndProject
Project("{FAE04EC0-301F-11D3-BF4B-00C04F79EFBC}") = "NexConvo.Automation.Tests", "tests\NexConvo.Automation.Tests\NexConvo.Automation.Tests.csproj", "{A9B83F79-64BC-4F68-9DA8-942B1023F2E5}"
EndProject
Project("{FAE04EC0-301F-11D3-BF4B-00C04F79EFBC}") = "NexConvo.BuildingBlocks.Tests", "tests\NexConvo.BuildingBlocks.Tests\NexConvo.BuildingBlocks.Tests.csproj", "{ACB1C346-B174-4398-81BD-CCFEF1DF22B8}"
EndProject
Project("{FAE04EC0-301F-11D3-BF4B-00C04F79EFBC}") = "NexConvo.Chat.Tests", "tests\NexConvo.Chat.Tests\NexConvo.Chat.Tests.csproj", "{3BF163BB-5AEF-4510-B2C7-5D9F0F6B6574}"
EndProject
Project("{FAE04EC0-301F-11D3-BF4B-00C04F79EFBC}") = "NexConvo.CoreCrm.Tests", "tests\NexConvo.CoreCrm.Tests\NexConvo.CoreCrm.Tests.csproj", "{B7FC9CDB-222D-45C3-A439-10B32797577D}"
EndProject
Project("{FAE04EC0-301F-11D3-BF4B-00C04F79EFBC}") = "NexConvo.Identity.Tests", "tests\NexConvo.Identity.Tests\NexConvo.Identity.Tests.csproj", "{EC196C4F-E9EE-4356-A43C-AAD562AD6A81}"
EndProject
Project("{FAE04EC0-301F-11D3-BF4B-00C04F79EFBC}") = "NexConvo.Voice.Tests", "tests\NexConvo.Voice.Tests\NexConvo.Voice.Tests.csproj", "{059E50ED-06FE-4BBF-B63D-1C0DAF94EA83}"
EndProject
Project("{2150E333-8FDC-42A3-9474-1A3956D46DE8}") = "tests", "tests", "{0AB3BF05-4346-4AA6-1389-037BE0695223}"
EndProject
Project("{FAE04EC0-301F-11D3-BF4B-00C04F79EFBC}") = "NexConvo.Identity.IntegrationTests", "tests\NexConvo.Identity.IntegrationTests\NexConvo.Identity.IntegrationTests.csproj", "{4CF417E8-D53B-47D5-97E7-E08F2B001744}"
EndProject
Project("{2150E333-8FDC-42A3-9474-1A3956D46DE8}") = "src", "src", "{51A92BA3-B106-4A97-83A5-0F1724B86442}"
EndProject
Project("{2150E333-8FDC-42A3-9474-1A3956D46DE8}") = "gateway", "gateway", "{F37E2966-3079-44A0-A5CF-080CF488047B}"
EndProject
Project("{2150E333-8FDC-42A3-9474-1A3956D46DE8}") = "services", "services", "{F7390F6E-102F-42EB-AEFA-79D2AEC6A50A}"
EndProject
Project("{2150E333-8FDC-42A3-9474-1A3956D46DE8}") = "AiAssistant", "AiAssistant", "{B0EFC7AA-1DC9-4B0B-AC17-297DDB55D615}"
EndProject
Project("{2150E333-8FDC-42A3-9474-1A3956D46DE8}") = "Automation", "Automation", "{30753B61-7F20-4578-8CC3-7EB85B4EB65E}"
EndProject
Project("{2150E333-8FDC-42A3-9474-1A3956D46DE8}") = "Chat", "Chat", "{C83AB64C-8193-41C3-93D0-97D43D68AA14}"
EndProject
Project("{2150E333-8FDC-42A3-9474-1A3956D46DE8}") = "CoreCrm", "CoreCrm", "{103F3DFF-B11C-474C-8DCA-42AD767C3FE0}"
EndProject
Project("{2150E333-8FDC-42A3-9474-1A3956D46DE8}") = "Identity", "Identity", "{CC833756-AADE-44CD-A825-6EF5DD04FB17}"
EndProject
Project("{2150E333-8FDC-42A3-9474-1A3956D46DE8}") = "Voice", "Voice", "{6854532C-9449-4D18-8201-2B7FEA7D002A}"
EndProject
Project("{2150E333-8FDC-42A3-9474-1A3956D46DE8}") = "shared", "shared", "{AEDDF75A-C255-4289-8D27-B593FDB8BBAE}"
EndProject
Project("{FAE04EC0-301F-11D3-BF4B-00C04F79EFBC}") = "NexConvo.BuildingBlocks.Ai", "src\shared\NexConvo.BuildingBlocks.Ai\NexConvo.BuildingBlocks.Ai.csproj", "{DD00732B-1B27-4589-827B-249E8DF061AA}"
EndProject
Project("{2150E333-8FDC-42A3-9474-1A3956D46DE8}") = "Integrations", "Integrations", "{BBD4AB30-965F-11B1-53B7-2B1D03153F55}"
EndProject
Project("{FAE04EC0-301F-11D3-BF4B-00C04F79EFBC}") = "NexConvo.Integrations.Api", "src\services\Integrations\NexConvo.Integrations.Api\NexConvo.Integrations.Api.csproj", "{1D98B56E-02C9-4E83-97DD-82AE9A61F720}"
EndProject
Project("{FAE04EC0-301F-11D3-BF4B-00C04F79EFBC}") = "NexConvo.Integrations.Application", "src\services\Integrations\NexConvo.Integrations.Application\NexConvo.Integrations.Application.csproj", "{C4D3CBAC-FD69-4960-85CA-C0A90173DF07}"
EndProject
Project("{FAE04EC0-301F-11D3-BF4B-00C04F79EFBC}") = "NexConvo.Integrations.Domain", "src\services\Integrations\NexConvo.Integrations.Domain\NexConvo.Integrations.Domain.csproj", "{9A0084B9-3CF2-40E0-8321-2D6626F3EE77}"
EndProject
Project("{FAE04EC0-301F-11D3-BF4B-00C04F79EFBC}") = "NexConvo.Integrations.Infrastructure", "src\services\Integrations\NexConvo.Integrations.Infrastructure\NexConvo.Integrations.Infrastructure.csproj", "{22CFB8EB-37B4-4CEA-B321-1309CC060E9F}"
EndProject
Project("{2150E333-8FDC-42A3-9474-1A3956D46DE8}") = "services", "services", "{4353066B-F410-E540-F593-55E469B78A5F}"
EndProject
Project("{2150E333-8FDC-42A3-9474-1A3956D46DE8}") = "Integrations", "Integrations", "{7CFFD77E-C261-EA81-020C-54139F9DB56D}"
EndProject
Project("{FAE04EC0-301F-11D3-BF4B-00C04F79EFBC}") = "NexConvo.Integrations.Application.UnitTests", "tests\services\Integrations\NexConvo.Integrations.Application.UnitTests\NexConvo.Integrations.Application.UnitTests.csproj", "{D32C7719-8CA5-40BF-8E42-E78548C08218}"
EndProject
Project("{2150E333-8FDC-42A3-9474-1A3956D46DE8}") = "shared", "shared", "{D0D6B8B0-AC35-B3FA-0B96-A9B0E4A3253E}"
EndProject
Project("{FAE04EC0-301F-11D3-BF4B-00C04F79EFBC}") = "NexConvo.BuildingBlocks.Domain.Tests", "tests\shared\NexConvo.BuildingBlocks.Domain.Tests\NexConvo.BuildingBlocks.Domain.Tests.csproj", "{7F6F027B-2463-4FEB-8A9F-4E79C5CEABC9}"
EndProject
Project("{FAE04EC0-301F-11D3-BF4B-00C04F79EFBC}") = "NexConvo.Integrations.Domain.Tests", "tests\services\Integrations\NexConvo.Integrations.Domain.Tests\NexConvo.Integrations.Domain.Tests.csproj", "{82E43B9A-DB61-4132-9A60-894A78D1AA9D}"
EndProject
Project("{FAE04EC0-301F-11D3-BF4B-00C04F79EFBC}") = "NexConvo.Integrations.Infrastructure.Tests", "tests\services\Integrations\NexConvo.Integrations.Infrastructure.Tests\NexConvo.Integrations.Infrastructure.Tests.csproj", "{BF9B07DA-3524-4083-AD22-523FB02AA8DB}"
EndProject
Project("{2150E333-8FDC-42A3-9474-1A3956D46DE8}") = "Chat", "Chat", "{4E48965F-9292-9D96-9D98-6C3894C6D01B}"
EndProject
Project("{FAE04EC0-301F-11D3-BF4B-00C04F79EFBC}") = "NexConvo.Chat.Domain.Tests", "tests\services\Chat\NexConvo.Chat.Domain.Tests\NexConvo.Chat.Domain.Tests.csproj", "{583A9B2A-B8DC-4CE7-AB1B-5533F87501B2}"
EndProject
Project("{FAE04EC0-301F-11D3-BF4B-00C04F79EFBC}") = "NexConvo.Chat.Infrastructure.Tests", "tests\services\Chat\NexConvo.Chat.Infrastructure.Tests\NexConvo.Chat.Infrastructure.Tests.csproj", "{653F5480-0A86-40B3-8A5B-2DF4B3C438AE}"
EndProject
Project("{FAE04EC0-301F-11D3-BF4B-00C04F79EFBC}") = "NexConvo.Chat.Application.UnitTests", "tests\services\Chat\NexConvo.Chat.Application.UnitTests\NexConvo.Chat.Application.UnitTests.csproj", "{DEAC1EF2-92DD-4C7B-866D-74EBC9E8C90B}"
EndProject
Global
	GlobalSection(SolutionConfigurationPlatforms) = preSolution
		Debug|Any CPU = Debug|Any CPU
		Debug|x64 = Debug|x64
		Debug|x86 = Debug|x86
		Release|Any CPU = Release|Any CPU
		Release|x64 = Release|x64
		Release|x86 = Release|x86
	EndGlobalSection
	GlobalSection(ProjectConfigurationPlatforms) = postSolution
		{66A7B2FC-6EE7-43EC-AB9A-C745B62013EA}.Debug|Any CPU.ActiveCfg = Debug|Any CPU
		{66A7B2FC-6EE7-43EC-AB9A-C745B62013EA}.Debug|Any CPU.Build.0 = Debug|Any CPU
		{66A7B2FC-6EE7-43EC-AB9A-C745B62013EA}.Debug|x64.ActiveCfg = Debug|Any CPU
		{66A7B2FC-6EE7-43EC-AB9A-C745B62013EA}.Debug|x64.Build.0 = Debug|Any CPU
		{66A7B2FC-6EE7-43EC-AB9A-C745B62013EA}.Debug|x86.ActiveCfg = Debug|Any CPU
		{66A7B2FC-6EE7-43EC-AB9A-C745B62013EA}.Debug|x86.Build.0 = Debug|Any CPU
		{66A7B2FC-6EE7-43EC-AB9A-C745B62013EA}.Release|Any CPU.ActiveCfg = Release|Any CPU
		{66A7B2FC-6EE7-43EC-AB9A-C745B62013EA}.Release|Any CPU.Build.0 = Release|Any CPU
		{66A7B2FC-6EE7-43EC-AB9A-C745B62013EA}.Release|x64.ActiveCfg = Release|Any CPU
		{66A7B2FC-6EE7-43EC-AB9A-C745B62013EA}.Release|x64.Build.0 = Release|Any CPU
		{66A7B2FC-6EE7-43EC-AB9A-C745B62013EA}.Release|x86.ActiveCfg = Release|Any CPU
		{66A7B2FC-6EE7-43EC-AB9A-C745B62013EA}.Release|x86.Build.0 = Release|Any CPU
		{D123CDB2-2059-46AE-A50C-1232680B8064}.Debug|Any CPU.ActiveCfg = Debug|Any CPU
		{D123CDB2-2059-46AE-A50C-1232680B8064}.Debug|Any CPU.Build.0 = Debug|Any CPU
		{D123CDB2-2059-46AE-A50C-1232680B8064}.Debug|x64.ActiveCfg = Debug|Any CPU
		{D123CDB2-2059-46AE-A50C-1232680B8064}.Debug|x64.Build.0 = Debug|Any CPU
		{D123CDB2-2059-46AE-A50C-1232680B8064}.Debug|x86.ActiveCfg = Debug|Any CPU
		{D123CDB2-2059-46AE-A50C-1232680B8064}.Debug|x86.Build.0 = Debug|Any CPU
		{D123CDB2-2059-46AE-A50C-1232680B8064}.Release|Any CPU.ActiveCfg = Release|Any CPU
		{D123CDB2-2059-46AE-A50C-1232680B8064}.Release|Any CPU.Build.0 = Release|Any CPU
		{D123CDB2-2059-46AE-A50C-1232680B8064}.Release|x64.ActiveCfg = Release|Any CPU
		{D123CDB2-2059-46AE-A50C-1232680B8064}.Release|x64.Build.0 = Release|Any CPU
		{D123CDB2-2059-46AE-A50C-1232680B8064}.Release|x86.ActiveCfg = Release|Any CPU
		{D123CDB2-2059-46AE-A50C-1232680B8064}.Release|x86.Build.0 = Release|Any CPU
		{86B91287-B17D-4E0A-9C1B-94AFC0120910}.Debug|Any CPU.ActiveCfg = Debug|Any CPU
		{86B91287-B17D-4E0A-9C1B-94AFC0120910}.Debug|Any CPU.Build.0 = Debug|Any CPU
		{86B91287-B17D-4E0A-9C1B-94AFC0120910}.Debug|x64.ActiveCfg = Debug|Any CPU
		{86B91287-B17D-4E0A-9C1B-94AFC0120910}.Debug|x64.Build.0 = Debug|Any CPU
		{86B91287-B17D-4E0A-9C1B-94AFC0120910}.Debug|x86.ActiveCfg = Debug|Any CPU
		{86B91287-B17D-4E0A-9C1B-94AFC0120910}.Debug|x86.Build.0 = Debug|Any CPU
		{86B91287-B17D-4E0A-9C1B-94AFC0120910}.Release|Any CPU.ActiveCfg = Release|Any CPU
		{86B91287-B17D-4E0A-9C1B-94AFC0120910}.Release|Any CPU.Build.0 = Release|Any CPU
		{86B91287-B17D-4E0A-9C1B-94AFC0120910}.Release|x64.ActiveCfg = Release|Any CPU
		{86B91287-B17D-4E0A-9C1B-94AFC0120910}.Release|x64.Build.0 = Release|Any CPU
		{86B91287-B17D-4E0A-9C1B-94AFC0120910}.Release|x86.ActiveCfg = Release|Any CPU
		{86B91287-B17D-4E0A-9C1B-94AFC0120910}.Release|x86.Build.0 = Release|Any CPU
		{FC973028-963D-4A9E-94FF-7F8F5E0B1F44}.Debug|Any CPU.ActiveCfg = Debug|Any CPU
		{FC973028-963D-4A9E-94FF-7F8F5E0B1F44}.Debug|Any CPU.Build.0 = Debug|Any CPU
		{FC973028-963D-4A9E-94FF-7F8F5E0B1F44}.Debug|x64.ActiveCfg = Debug|Any CPU
		{FC973028-963D-4A9E-94FF-7F8F5E0B1F44}.Debug|x64.Build.0 = Debug|Any CPU
		{FC973028-963D-4A9E-94FF-7F8F5E0B1F44}.Debug|x86.ActiveCfg = Debug|Any CPU
		{FC973028-963D-4A9E-94FF-7F8F5E0B1F44}.Debug|x86.Build.0 = Debug|Any CPU
		{FC973028-963D-4A9E-94FF-7F8F5E0B1F44}.Release|Any CPU.ActiveCfg = Release|Any CPU
		{FC973028-963D-4A9E-94FF-7F8F5E0B1F44}.Release|Any CPU.Build.0 = Release|Any CPU
		{FC973028-963D-4A9E-94FF-7F8F5E0B1F44}.Release|x64.ActiveCfg = Release|Any CPU
		{FC973028-963D-4A9E-94FF-7F8F5E0B1F44}.Release|x64.Build.0 = Release|Any CPU
		{FC973028-963D-4A9E-94FF-7F8F5E0B1F44}.Release|x86.ActiveCfg = Release|Any CPU
		{FC973028-963D-4A9E-94FF-7F8F5E0B1F44}.Release|x86.Build.0 = Release|Any CPU
		{B5B984DB-C67D-484B-9D01-DA3E35E979F9}.Debug|Any CPU.ActiveCfg = Debug|Any CPU
		{B5B984DB-C67D-484B-9D01-DA3E35E979F9}.Debug|Any CPU.Build.0 = Debug|Any CPU
		{B5B984DB-C67D-484B-9D01-DA3E35E979F9}.Debug|x64.ActiveCfg = Debug|Any CPU
		{B5B984DB-C67D-484B-9D01-DA3E35E979F9}.Debug|x64.Build.0 = Debug|Any CPU
		{B5B984DB-C67D-484B-9D01-DA3E35E979F9}.Debug|x86.ActiveCfg = Debug|Any CPU
		{B5B984DB-C67D-484B-9D01-DA3E35E979F9}.Debug|x86.Build.0 = Debug|Any CPU
		{B5B984DB-C67D-484B-9D01-DA3E35E979F9}.Release|Any CPU.ActiveCfg = Release|Any CPU
		{B5B984DB-C67D-484B-9D01-DA3E35E979F9}.Release|Any CPU.Build.0 = Release|Any CPU
		{B5B984DB-C67D-484B-9D01-DA3E35E979F9}.Release|x64.ActiveCfg = Release|Any CPU
		{B5B984DB-C67D-484B-9D01-DA3E35E979F9}.Release|x64.Build.0 = Release|Any CPU
		{B5B984DB-C67D-484B-9D01-DA3E35E979F9}.Release|x86.ActiveCfg = Release|Any CPU
		{B5B984DB-C67D-484B-9D01-DA3E35E979F9}.Release|x86.Build.0 = Release|Any CPU
		{82E5F4C0-514E-4087-BAD7-04C247AEB3DE}.Debug|Any CPU.ActiveCfg = Debug|Any CPU
		{82E5F4C0-514E-4087-BAD7-04C247AEB3DE}.Debug|Any CPU.Build.0 = Debug|Any CPU
		{82E5F4C0-514E-4087-BAD7-04C247AEB3DE}.Debug|x64.ActiveCfg = Debug|Any CPU
		{82E5F4C0-514E-4087-BAD7-04C247AEB3DE}.Debug|x64.Build.0 = Debug|Any CPU
		{82E5F4C0-514E-4087-BAD7-04C247AEB3DE}.Debug|x86.ActiveCfg = Debug|Any CPU
		{82E5F4C0-514E-4087-BAD7-04C247AEB3DE}.Debug|x86.Build.0 = Debug|Any CPU
		{82E5F4C0-514E-4087-BAD7-04C247AEB3DE}.Release|Any CPU.ActiveCfg = Release|Any CPU
		{82E5F4C0-514E-4087-BAD7-04C247AEB3DE}.Release|Any CPU.Build.0 = Release|Any CPU
		{82E5F4C0-514E-4087-BAD7-04C247AEB3DE}.Release|x64.ActiveCfg = Release|Any CPU
		{82E5F4C0-514E-4087-BAD7-04C247AEB3DE}.Release|x64.Build.0 = Release|Any CPU
		{82E5F4C0-514E-4087-BAD7-04C247AEB3DE}.Release|x86.ActiveCfg = Release|Any CPU
		{82E5F4C0-514E-4087-BAD7-04C247AEB3DE}.Release|x86.Build.0 = Release|Any CPU
		{95D68CD2-923A-4699-8ADF-E8E9AEA431D1}.Debug|Any CPU.ActiveCfg = Debug|Any CPU
		{95D68CD2-923A-4699-8ADF-E8E9AEA431D1}.Debug|Any CPU.Build.0 = Debug|Any CPU
		{95D68CD2-923A-4699-8ADF-E8E9AEA431D1}.Debug|x64.ActiveCfg = Debug|Any CPU
		{95D68CD2-923A-4699-8ADF-E8E9AEA431D1}.Debug|x64.Build.0 = Debug|Any CPU
		{95D68CD2-923A-4699-8ADF-E8E9AEA431D1}.Debug|x86.ActiveCfg = Debug|Any CPU
		{95D68CD2-923A-4699-8ADF-E8E9AEA431D1}.Debug|x86.Build.0 = Debug|Any CPU
		{95D68CD2-923A-4699-8ADF-E8E9AEA431D1}.Release|Any CPU.ActiveCfg = Release|Any CPU
		{95D68CD2-923A-4699-8ADF-E8E9AEA431D1}.Release|Any CPU.Build.0 = Release|Any CPU
		{95D68CD2-923A-4699-8ADF-E8E9AEA431D1}.Release|x64.ActiveCfg = Release|Any CPU
		{95D68CD2-923A-4699-8ADF-E8E9AEA431D1}.Release|x64.Build.0 = Release|Any CPU
		{95D68CD2-923A-4699-8ADF-E8E9AEA431D1}.Release|x86.ActiveCfg = Release|Any CPU
		{95D68CD2-923A-4699-8ADF-E8E9AEA431D1}.Release|x86.Build.0 = Release|Any CPU
		{B1E2A795-BF68-438D-89AB-1442EFFE7135}.Debug|Any CPU.ActiveCfg = Debug|Any CPU
		{B1E2A795-BF68-438D-89AB-1442EFFE7135}.Debug|Any CPU.Build.0 = Debug|Any CPU
		{B1E2A795-BF68-438D-89AB-1442EFFE7135}.Debug|x64.ActiveCfg = Debug|Any CPU
		{B1E2A795-BF68-438D-89AB-1442EFFE7135}.Debug|x64.Build.0 = Debug|Any CPU
		{B1E2A795-BF68-438D-89AB-1442EFFE7135}.Debug|x86.ActiveCfg = Debug|Any CPU
		{B1E2A795-BF68-438D-89AB-1442EFFE7135}.Debug|x86.Build.0 = Debug|Any CPU
		{B1E2A795-BF68-438D-89AB-1442EFFE7135}.Release|Any CPU.ActiveCfg = Release|Any CPU
		{B1E2A795-BF68-438D-89AB-1442EFFE7135}.Release|Any CPU.Build.0 = Release|Any CPU
		{B1E2A795-BF68-438D-89AB-1442EFFE7135}.Release|x64.ActiveCfg = Release|Any CPU
		{B1E2A795-BF68-438D-89AB-1442EFFE7135}.Release|x64.Build.0 = Release|Any CPU
		{B1E2A795-BF68-438D-89AB-1442EFFE7135}.Release|x86.ActiveCfg = Release|Any CPU
		{B1E2A795-BF68-438D-89AB-1442EFFE7135}.Release|x86.Build.0 = Release|Any CPU
		{8A23C5ED-E22B-4264-9DBD-C74B986B7213}.Debug|Any CPU.ActiveCfg = Debug|Any CPU
		{8A23C5ED-E22B-4264-9DBD-C74B986B7213}.Debug|Any CPU.Build.0 = Debug|Any CPU
		{8A23C5ED-E22B-4264-9DBD-C74B986B7213}.Debug|x64.ActiveCfg = Debug|Any CPU
		{8A23C5ED-E22B-4264-9DBD-C74B986B7213}.Debug|x64.Build.0 = Debug|Any CPU
		{8A23C5ED-E22B-4264-9DBD-C74B986B7213}.Debug|x86.ActiveCfg = Debug|Any CPU
		{8A23C5ED-E22B-4264-9DBD-C74B986B7213}.Debug|x86.Build.0 = Debug|Any CPU
		{8A23C5ED-E22B-4264-9DBD-C74B986B7213}.Release|Any CPU.ActiveCfg = Release|Any CPU
		{8A23C5ED-E22B-4264-9DBD-C74B986B7213}.Release|Any CPU.Build.0 = Release|Any CPU
		{8A23C5ED-E22B-4264-9DBD-C74B986B7213}.Release|x64.ActiveCfg = Release|Any CPU
		{8A23C5ED-E22B-4264-9DBD-C74B986B7213}.Release|x64.Build.0 = Release|Any CPU
		{8A23C5ED-E22B-4264-9DBD-C74B986B7213}.Release|x86.ActiveCfg = Release|Any CPU
		{8A23C5ED-E22B-4264-9DBD-C74B986B7213}.Release|x86.Build.0 = Release|Any CPU
		{E7B8329D-15E3-4412-A95E-3C72AEA6B73C}.Debug|Any CPU.ActiveCfg = Debug|Any CPU
		{E7B8329D-15E3-4412-A95E-3C72AEA6B73C}.Debug|Any CPU.Build.0 = Debug|Any CPU
		{E7B8329D-15E3-4412-A95E-3C72AEA6B73C}.Debug|x64.ActiveCfg = Debug|Any CPU
		{E7B8329D-15E3-4412-A95E-3C72AEA6B73C}.Debug|x64.Build.0 = Debug|Any CPU
		{E7B8329D-15E3-4412-A95E-3C72AEA6B73C}.Debug|x86.ActiveCfg = Debug|Any CPU
		{E7B8329D-15E3-4412-A95E-3C72AEA6B73C}.Debug|x86.Build.0 = Debug|Any CPU
		{E7B8329D-15E3-4412-A95E-3C72AEA6B73C}.Release|Any CPU.ActiveCfg = Release|Any CPU
		{E7B8329D-15E3-4412-A95E-3C72AEA6B73C}.Release|Any CPU.Build.0 = Release|Any CPU
		{E7B8329D-15E3-4412-A95E-3C72AEA6B73C}.Release|x64.ActiveCfg = Release|Any CPU
		{E7B8329D-15E3-4412-A95E-3C72AEA6B73C}.Release|x64.Build.0 = Release|Any CPU
		{E7B8329D-15E3-4412-A95E-3C72AEA6B73C}.Release|x86.ActiveCfg = Release|Any CPU
		{E7B8329D-15E3-4412-A95E-3C72AEA6B73C}.Release|x86.Build.0 = Release|Any CPU
		{FDC3511D-104C-4F25-AB97-D7A314E3032D}.Debug|Any CPU.ActiveCfg = Debug|Any CPU
		{FDC3511D-104C-4F25-AB97-D7A314E3032D}.Debug|Any CPU.Build.0 = Debug|Any CPU
		{FDC3511D-104C-4F25-AB97-D7A314E3032D}.Debug|x64.ActiveCfg = Debug|Any CPU
		{FDC3511D-104C-4F25-AB97-D7A314E3032D}.Debug|x64.Build.0 = Debug|Any CPU
		{FDC3511D-104C-4F25-AB97-D7A314E3032D}.Debug|x86.ActiveCfg = Debug|Any CPU
		{FDC3511D-104C-4F25-AB97-D7A314E3032D}.Debug|x86.Build.0 = Debug|Any CPU
		{FDC3511D-104C-4F25-AB97-D7A314E3032D}.Release|Any CPU.ActiveCfg = Release|Any CPU
		{FDC3511D-104C-4F25-AB97-D7A314E3032D}.Release|Any CPU.Build.0 = Release|Any CPU
		{FDC3511D-104C-4F25-AB97-D7A314E3032D}.Release|x64.ActiveCfg = Release|Any CPU
		{FDC3511D-104C-4F25-AB97-D7A314E3032D}.Release|x64.Build.0 = Release|Any CPU
		{FDC3511D-104C-4F25-AB97-D7A314E3032D}.Release|x86.ActiveCfg = Release|Any CPU
		{FDC3511D-104C-4F25-AB97-D7A314E3032D}.Release|x86.Build.0 = Release|Any CPU
		{00CBA722-9902-44C3-AA0A-4447EBE76A97}.Debug|Any CPU.ActiveCfg = Debug|Any CPU
		{00CBA722-9902-44C3-AA0A-4447EBE76A97}.Debug|Any CPU.Build.0 = Debug|Any CPU
		{00CBA722-9902-44C3-AA0A-4447EBE76A97}.Debug|x64.ActiveCfg = Debug|Any CPU
		{00CBA722-9902-44C3-AA0A-4447EBE76A97}.Debug|x64.Build.0 = Debug|Any CPU
		{00CBA722-9902-44C3-AA0A-4447EBE76A97}.Debug|x86.ActiveCfg = Debug|Any CPU
		{00CBA722-9902-44C3-AA0A-4447EBE76A97}.Debug|x86.Build.0 = Debug|Any CPU
		{00CBA722-9902-44C3-AA0A-4447EBE76A97}.Release|Any CPU.ActiveCfg = Release|Any CPU
		{00CBA722-9902-44C3-AA0A-4447EBE76A97}.Release|Any CPU.Build.0 = Release|Any CPU
		{00CBA722-9902-44C3-AA0A-4447EBE76A97}.Release|x64.ActiveCfg = Release|Any CPU
		{00CBA722-9902-44C3-AA0A-4447EBE76A97}.Release|x64.Build.0 = Release|Any CPU
		{00CBA722-9902-44C3-AA0A-4447EBE76A97}.Release|x86.ActiveCfg = Release|Any CPU
		{00CBA722-9902-44C3-AA0A-4447EBE76A97}.Release|x86.Build.0 = Release|Any CPU
		{2E7F5492-DB5D-469D-B2C6-36D424092CF7}.Debug|Any CPU.ActiveCfg = Debug|Any CPU
		{2E7F5492-DB5D-469D-B2C6-36D424092CF7}.Debug|Any CPU.Build.0 = Debug|Any CPU
		{2E7F5492-DB5D-469D-B2C6-36D424092CF7}.Debug|x64.ActiveCfg = Debug|Any CPU
		{2E7F5492-DB5D-469D-B2C6-36D424092CF7}.Debug|x64.Build.0 = Debug|Any CPU
		{2E7F5492-DB5D-469D-B2C6-36D424092CF7}.Debug|x86.ActiveCfg = Debug|Any CPU
		{2E7F5492-DB5D-469D-B2C6-36D424092CF7}.Debug|x86.Build.0 = Debug|Any CPU
		{2E7F5492-DB5D-469D-B2C6-36D424092CF7}.Release|Any CPU.ActiveCfg = Release|Any CPU
		{2E7F5492-DB5D-469D-B2C6-36D424092CF7}.Release|Any CPU.Build.0 = Release|Any CPU
		{2E7F5492-DB5D-469D-B2C6-36D424092CF7}.Release|x64.ActiveCfg = Release|Any CPU
		{2E7F5492-DB5D-469D-B2C6-36D424092CF7}.Release|x64.Build.0 = Release|Any CPU
		{2E7F5492-DB5D-469D-B2C6-36D424092CF7}.Release|x86.ActiveCfg = Release|Any CPU
		{2E7F5492-DB5D-469D-B2C6-36D424092CF7}.Release|x86.Build.0 = Release|Any CPU
		{DDF9B791-2F8F-442C-AB4F-25E2A8FF2FAE}.Debug|Any CPU.ActiveCfg = Debug|Any CPU
		{DDF9B791-2F8F-442C-AB4F-25E2A8FF2FAE}.Debug|Any CPU.Build.0 = Debug|Any CPU
		{DDF9B791-2F8F-442C-AB4F-25E2A8FF2FAE}.Debug|x64.ActiveCfg = Debug|Any CPU
		{DDF9B791-2F8F-442C-AB4F-25E2A8FF2FAE}.Debug|x64.Build.0 = Debug|Any CPU
		{DDF9B791-2F8F-442C-AB4F-25E2A8FF2FAE}.Debug|x86.ActiveCfg = Debug|Any CPU
		{DDF9B791-2F8F-442C-AB4F-25E2A8FF2FAE}.Debug|x86.Build.0 = Debug|Any CPU
		{DDF9B791-2F8F-442C-AB4F-25E2A8FF2FAE}.Release|Any CPU.ActiveCfg = Release|Any CPU
		{DDF9B791-2F8F-442C-AB4F-25E2A8FF2FAE}.Release|Any CPU.Build.0 = Release|Any CPU
		{DDF9B791-2F8F-442C-AB4F-25E2A8FF2FAE}.Release|x64.ActiveCfg = Release|Any CPU
		{DDF9B791-2F8F-442C-AB4F-25E2A8FF2FAE}.Release|x64.Build.0 = Release|Any CPU
		{DDF9B791-2F8F-442C-AB4F-25E2A8FF2FAE}.Release|x86.ActiveCfg = Release|Any CPU
		{DDF9B791-2F8F-442C-AB4F-25E2A8FF2FAE}.Release|x86.Build.0 = Release|Any CPU
		{EBBDDC20-F9B2-41D6-8C51-43970EA9215D}.Debug|Any CPU.ActiveCfg = Debug|Any CPU
		{EBBDDC20-F9B2-41D6-8C51-43970EA9215D}.Debug|Any CPU.Build.0 = Debug|Any CPU
		{EBBDDC20-F9B2-41D6-8C51-43970EA9215D}.Debug|x64.ActiveCfg = Debug|Any CPU
		{EBBDDC20-F9B2-41D6-8C51-43970EA9215D}.Debug|x64.Build.0 = Debug|Any CPU
		{EBBDDC20-F9B2-41D6-8C51-43970EA9215D}.Debug|x86.ActiveCfg = Debug|Any CPU
		{EBBDDC20-F9B2-41D6-8C51-43970EA9215D}.Debug|x86.Build.0 = Debug|Any CPU
		{EBBDDC20-F9B2-41D6-8C51-43970EA9215D}.Release|Any CPU.ActiveCfg = Release|Any CPU
		{EBBDDC20-F9B2-41D6-8C51-43970EA9215D}.Release|Any CPU.Build.0 = Release|Any CPU
		{EBBDDC20-F9B2-41D6-8C51-43970EA9215D}.Release|x64.ActiveCfg = Release|Any CPU
		{EBBDDC20-F9B2-41D6-8C51-43970EA9215D}.Release|x64.Build.0 = Release|Any CPU
		{EBBDDC20-F9B2-41D6-8C51-43970EA9215D}.Release|x86.ActiveCfg = Release|Any CPU
		{EBBDDC20-F9B2-41D6-8C51-43970EA9215D}.Release|x86.Build.0 = Release|Any CPU
		{953ABA8E-A74D-4257-A152-2676FD5B8459}.Debug|Any CPU.ActiveCfg = Debug|Any CPU
		{953ABA8E-A74D-4257-A152-2676FD5B8459}.Debug|Any CPU.Build.0 = Debug|Any CPU
		{953ABA8E-A74D-4257-A152-2676FD5B8459}.Debug|x64.ActiveCfg = Debug|Any CPU
		{953ABA8E-A74D-4257-A152-2676FD5B8459}.Debug|x64.Build.0 = Debug|Any CPU
		{953ABA8E-A74D-4257-A152-2676FD5B8459}.Debug|x86.ActiveCfg = Debug|Any CPU
		{953ABA8E-A74D-4257-A152-2676FD5B8459}.Debug|x86.Build.0 = Debug|Any CPU
		{953ABA8E-A74D-4257-A152-2676FD5B8459}.Release|Any CPU.ActiveCfg = Release|Any CPU
		{953ABA8E-A74D-4257-A152-2676FD5B8459}.Release|Any CPU.Build.0 = Release|Any CPU
		{953ABA8E-A74D-4257-A152-2676FD5B8459}.Release|x64.ActiveCfg = Release|Any CPU
		{953ABA8E-A74D-4257-A152-2676FD5B8459}.Release|x64.Build.0 = Release|Any CPU
		{953ABA8E-A74D-4257-A152-2676FD5B8459}.Release|x86.ActiveCfg = Release|Any CPU
		{953ABA8E-A74D-4257-A152-2676FD5B8459}.Release|x86.Build.0 = Release|Any CPU
		{727EB122-5FA2-4956-BB8E-0B5C10EE7D72}.Debug|Any CPU.ActiveCfg = Debug|Any CPU
		{727EB122-5FA2-4956-BB8E-0B5C10EE7D72}.Debug|Any CPU.Build.0 = Debug|Any CPU
		{727EB122-5FA2-4956-BB8E-0B5C10EE7D72}.Debug|x64.ActiveCfg = Debug|Any CPU
		{727EB122-5FA2-4956-BB8E-0B5C10EE7D72}.Debug|x64.Build.0 = Debug|Any CPU
		{727EB122-5FA2-4956-BB8E-0B5C10EE7D72}.Debug|x86.ActiveCfg = Debug|Any CPU
		{727EB122-5FA2-4956-BB8E-0B5C10EE7D72}.Debug|x86.Build.0 = Debug|Any CPU
		{727EB122-5FA2-4956-BB8E-0B5C10EE7D72}.Release|Any CPU.ActiveCfg = Release|Any CPU
		{727EB122-5FA2-4956-BB8E-0B5C10EE7D72}.Release|Any CPU.Build.0 = Release|Any CPU
		{727EB122-5FA2-4956-BB8E-0B5C10EE7D72}.Release|x64.ActiveCfg = Release|Any CPU
		{727EB122-5FA2-4956-BB8E-0B5C10EE7D72}.Release|x64.Build.0 = Release|Any CPU
		{727EB122-5FA2-4956-BB8E-0B5C10EE7D72}.Release|x86.ActiveCfg = Release|Any CPU
		{727EB122-5FA2-4956-BB8E-0B5C10EE7D72}.Release|x86.Build.0 = Release|Any CPU
		{D2277125-3438-4454-A164-B41825BED611}.Debug|Any CPU.ActiveCfg = Debug|Any CPU
		{D2277125-3438-4454-A164-B41825BED611}.Debug|Any CPU.Build.0 = Debug|Any CPU
		{D2277125-3438-4454-A164-B41825BED611}.Debug|x64.ActiveCfg = Debug|Any CPU
		{D2277125-3438-4454-A164-B41825BED611}.Debug|x64.Build.0 = Debug|Any CPU
		{D2277125-3438-4454-A164-B41825BED611}.Debug|x86.ActiveCfg = Debug|Any CPU
		{D2277125-3438-4454-A164-B41825BED611}.Debug|x86.Build.0 = Debug|Any CPU
		{D2277125-3438-4454-A164-B41825BED611}.Release|Any CPU.ActiveCfg = Release|Any CPU
		{D2277125-3438-4454-A164-B41825BED611}.Release|Any CPU.Build.0 = Release|Any CPU
		{D2277125-3438-4454-A164-B41825BED611}.Release|x64.ActiveCfg = Release|Any CPU
		{D2277125-3438-4454-A164-B41825BED611}.Release|x64.Build.0 = Release|Any CPU
		{D2277125-3438-4454-A164-B41825BED611}.Release|x86.ActiveCfg = Release|Any CPU
		{D2277125-3438-4454-A164-B41825BED611}.Release|x86.Build.0 = Release|Any CPU
		{D0F03550-12BF-4F12-BD40-5ECCFEA51DE1}.Debug|Any CPU.ActiveCfg = Debug|Any CPU
		{D0F03550-12BF-4F12-BD40-5ECCFEA51DE1}.Debug|Any CPU.Build.0 = Debug|Any CPU
		{D0F03550-12BF-4F12-BD40-5ECCFEA51DE1}.Debug|x64.ActiveCfg = Debug|Any CPU
		{D0F03550-12BF-4F12-BD40-5ECCFEA51DE1}.Debug|x64.Build.0 = Debug|Any CPU
		{D0F03550-12BF-4F12-BD40-5ECCFEA51DE1}.Debug|x86.ActiveCfg = Debug|Any CPU
		{D0F03550-12BF-4F12-BD40-5ECCFEA51DE1}.Debug|x86.Build.0 = Debug|Any CPU
		{D0F03550-12BF-4F12-BD40-5ECCFEA51DE1}.Release|Any CPU.ActiveCfg = Release|Any CPU
		{D0F03550-12BF-4F12-BD40-5ECCFEA51DE1}.Release|Any CPU.Build.0 = Release|Any CPU
		{D0F03550-12BF-4F12-BD40-5ECCFEA51DE1}.Release|x64.ActiveCfg = Release|Any CPU
		{D0F03550-12BF-4F12-BD40-5ECCFEA51DE1}.Release|x64.Build.0 = Release|Any CPU
		{D0F03550-12BF-4F12-BD40-5ECCFEA51DE1}.Release|x86.ActiveCfg = Release|Any CPU
		{D0F03550-12BF-4F12-BD40-5ECCFEA51DE1}.Release|x86.Build.0 = Release|Any CPU
		{4F7E085E-C453-43D1-9F22-EC5EC903D9DC}.Debug|Any CPU.ActiveCfg = Debug|Any CPU
		{4F7E085E-C453-43D1-9F22-EC5EC903D9DC}.Debug|Any CPU.Build.0 = Debug|Any CPU
		{4F7E085E-C453-43D1-9F22-EC5EC903D9DC}.Debug|x64.ActiveCfg = Debug|Any CPU
		{4F7E085E-C453-43D1-9F22-EC5EC903D9DC}.Debug|x64.Build.0 = Debug|Any CPU
		{4F7E085E-C453-43D1-9F22-EC5EC903D9DC}.Debug|x86.ActiveCfg = Debug|Any CPU
		{4F7E085E-C453-43D1-9F22-EC5EC903D9DC}.Debug|x86.Build.0 = Debug|Any CPU
		{4F7E085E-C453-43D1-9F22-EC5EC903D9DC}.Release|Any CPU.ActiveCfg = Release|Any CPU
		{4F7E085E-C453-43D1-9F22-EC5EC903D9DC}.Release|Any CPU.Build.0 = Release|Any CPU
		{4F7E085E-C453-43D1-9F22-EC5EC903D9DC}.Release|x64.ActiveCfg = Release|Any CPU
		{4F7E085E-C453-43D1-9F22-EC5EC903D9DC}.Release|x64.Build.0 = Release|Any CPU
		{4F7E085E-C453-43D1-9F22-EC5EC903D9DC}.Release|x86.ActiveCfg = Release|Any CPU
		{4F7E085E-C453-43D1-9F22-EC5EC903D9DC}.Release|x86.Build.0 = Release|Any CPU
		{6B202D87-DF80-450C-95AE-E64157FA69FB}.Debug|Any CPU.ActiveCfg = Debug|Any CPU
		{6B202D87-DF80-450C-95AE-E64157FA69FB}.Debug|Any CPU.Build.0 = Debug|Any CPU
		{6B202D87-DF80-450C-95AE-E64157FA69FB}.Debug|x64.ActiveCfg = Debug|Any CPU
		{6B202D87-DF80-450C-95AE-E64157FA69FB}.Debug|x64.Build.0 = Debug|Any CPU
		{6B202D87-DF80-450C-95AE-E64157FA69FB}.Debug|x86.ActiveCfg = Debug|Any CPU
		{6B202D87-DF80-450C-95AE-E64157FA69FB}.Debug|x86.Build.0 = Debug|Any CPU
		{6B202D87-DF80-450C-95AE-E64157FA69FB}.Release|Any CPU.ActiveCfg = Release|Any CPU
		{6B202D87-DF80-450C-95AE-E64157FA69FB}.Release|Any CPU.Build.0 = Release|Any CPU
		{6B202D87-DF80-450C-95AE-E64157FA69FB}.Release|x64.ActiveCfg = Release|Any CPU
		{6B202D87-DF80-450C-95AE-E64157FA69FB}.Release|x64.Build.0 = Release|Any CPU
		{6B202D87-DF80-450C-95AE-E64157FA69FB}.Release|x86.ActiveCfg = Release|Any CPU
		{6B202D87-DF80-450C-95AE-E64157FA69FB}.Release|x86.Build.0 = Release|Any CPU
		{DF273057-3DCB-4606-999C-3369EAB4D5A9}.Debug|Any CPU.ActiveCfg = Debug|Any CPU
		{DF273057-3DCB-4606-999C-3369EAB4D5A9}.Debug|Any CPU.Build.0 = Debug|Any CPU
		{DF273057-3DCB-4606-999C-3369EAB4D5A9}.Debug|x64.ActiveCfg = Debug|Any CPU
		{DF273057-3DCB-4606-999C-3369EAB4D5A9}.Debug|x64.Build.0 = Debug|Any CPU
		{DF273057-3DCB-4606-999C-3369EAB4D5A9}.Debug|x86.ActiveCfg = Debug|Any CPU
		{DF273057-3DCB-4606-999C-3369EAB4D5A9}.Debug|x86.Build.0 = Debug|Any CPU
		{DF273057-3DCB-4606-999C-3369EAB4D5A9}.Release|Any CPU.ActiveCfg = Release|Any CPU
		{DF273057-3DCB-4606-999C-3369EAB4D5A9}.Release|Any CPU.Build.0 = Release|Any CPU
		{DF273057-3DCB-4606-999C-3369EAB4D5A9}.Release|x64.ActiveCfg = Release|Any CPU
		{DF273057-3DCB-4606-999C-3369EAB4D5A9}.Release|x64.Build.0 = Release|Any CPU
		{DF273057-3DCB-4606-999C-3369EAB4D5A9}.Release|x86.ActiveCfg = Release|Any CPU
		{DF273057-3DCB-4606-999C-3369EAB4D5A9}.Release|x86.Build.0 = Release|Any CPU
		{14D735E1-1FD4-4CE2-AF74-753159F9103C}.Debug|Any CPU.ActiveCfg = Debug|Any CPU
		{14D735E1-1FD4-4CE2-AF74-753159F9103C}.Debug|Any CPU.Build.0 = Debug|Any CPU
		{14D735E1-1FD4-4CE2-AF74-753159F9103C}.Debug|x64.ActiveCfg = Debug|Any CPU
		{14D735E1-1FD4-4CE2-AF74-753159F9103C}.Debug|x64.Build.0 = Debug|Any CPU
		{14D735E1-1FD4-4CE2-AF74-753159F9103C}.Debug|x86.ActiveCfg = Debug|Any CPU
		{14D735E1-1FD4-4CE2-AF74-753159F9103C}.Debug|x86.Build.0 = Debug|Any CPU
		{14D735E1-1FD4-4CE2-AF74-753159F9103C}.Release|Any CPU.ActiveCfg = Release|Any CPU
		{14D735E1-1FD4-4CE2-AF74-753159F9103C}.Release|Any CPU.Build.0 = Release|Any CPU
		{14D735E1-1FD4-4CE2-AF74-753159F9103C}.Release|x64.ActiveCfg = Release|Any CPU
		{14D735E1-1FD4-4CE2-AF74-753159F9103C}.Release|x64.Build.0 = Release|Any CPU
		{14D735E1-1FD4-4CE2-AF74-753159F9103C}.Release|x86.ActiveCfg = Release|Any CPU
		{14D735E1-1FD4-4CE2-AF74-753159F9103C}.Release|x86.Build.0 = Release|Any CPU
		{8E9F9CAB-E97B-4D95-A6BC-75D170CF81EE}.Debug|Any CPU.ActiveCfg = Debug|Any CPU
		{8E9F9CAB-E97B-4D95-A6BC-75D170CF81EE}.Debug|Any CPU.Build.0 = Debug|Any CPU
		{8E9F9CAB-E97B-4D95-A6BC-75D170CF81EE}.Debug|x64.ActiveCfg = Debug|Any CPU
		{8E9F9CAB-E97B-4D95-A6BC-75D170CF81EE}.Debug|x64.Build.0 = Debug|Any CPU
		{8E9F9CAB-E97B-4D95-A6BC-75D170CF81EE}.Debug|x86.ActiveCfg = Debug|Any CPU
		{8E9F9CAB-E97B-4D95-A6BC-75D170CF81EE}.Debug|x86.Build.0 = Debug|Any CPU
		{8E9F9CAB-E97B-4D95-A6BC-75D170CF81EE}.Release|Any CPU.ActiveCfg = Release|Any CPU
		{8E9F9CAB-E97B-4D95-A6BC-75D170CF81EE}.Release|Any CPU.Build.0 = Release|Any CPU
		{8E9F9CAB-E97B-4D95-A6BC-75D170CF81EE}.Release|x64.ActiveCfg = Release|Any CPU
		{8E9F9CAB-E97B-4D95-A6BC-75D170CF81EE}.Release|x64.Build.0 = Release|Any CPU
		{8E9F9CAB-E97B-4D95-A6BC-75D170CF81EE}.Release|x86.ActiveCfg = Release|Any CPU
		{8E9F9CAB-E97B-4D95-A6BC-75D170CF81EE}.Release|x86.Build.0 = Release|Any CPU
		{617D55A4-1BB1-414B-BCE7-1D72AFCA5C56}.Debug|Any CPU.ActiveCfg = Debug|Any CPU
		{617D55A4-1BB1-414B-BCE7-1D72AFCA5C56}.Debug|Any CPU.Build.0 = Debug|Any CPU
		{617D55A4-1BB1-414B-BCE7-1D72AFCA5C56}.Debug|x64.ActiveCfg = Debug|Any CPU
		{617D55A4-1BB1-414B-BCE7-1D72AFCA5C56}.Debug|x64.Build.0 = Debug|Any CPU
		{617D55A4-1BB1-414B-BCE7-1D72AFCA5C56}.Debug|x86.ActiveCfg = Debug|Any CPU
		{617D55A4-1BB1-414B-BCE7-1D72AFCA5C56}.Debug|x86.Build.0 = Debug|Any CPU
		{617D55A4-1BB1-414B-BCE7-1D72AFCA5C56}.Release|Any CPU.ActiveCfg = Release|Any CPU
		{617D55A4-1BB1-414B-BCE7-1D72AFCA5C56}.Release|Any CPU.Build.0 = Release|Any CPU
		{617D55A4-1BB1-414B-BCE7-1D72AFCA5C56}.Release|x64.ActiveCfg = Release|Any CPU
		{617D55A4-1BB1-414B-BCE7-1D72AFCA5C56}.Release|x64.Build.0 = Release|Any CPU
		{617D55A4-1BB1-414B-BCE7-1D72AFCA5C56}.Release|x86.ActiveCfg = Release|Any CPU
		{617D55A4-1BB1-414B-BCE7-1D72AFCA5C56}.Release|x86.Build.0 = Release|Any CPU
		{AC9D573C-14D8-4DF0-9B2D-FCA90BFD6539}.Debug|Any CPU.ActiveCfg = Debug|Any CPU
		{AC9D573C-14D8-4DF0-9B2D-FCA90BFD6539}.Debug|Any CPU.Build.0 = Debug|Any CPU
		{AC9D573C-14D8-4DF0-9B2D-FCA90BFD6539}.Debug|x64.ActiveCfg = Debug|Any CPU
		{AC9D573C-14D8-4DF0-9B2D-FCA90BFD6539}.Debug|x64.Build.0 = Debug|Any CPU
		{AC9D573C-14D8-4DF0-9B2D-FCA90BFD6539}.Debug|x86.ActiveCfg = Debug|Any CPU
		{AC9D573C-14D8-4DF0-9B2D-FCA90BFD6539}.Debug|x86.Build.0 = Debug|Any CPU
		{AC9D573C-14D8-4DF0-9B2D-FCA90BFD6539}.Release|Any CPU.ActiveCfg = Release|Any CPU
		{AC9D573C-14D8-4DF0-9B2D-FCA90BFD6539}.Release|Any CPU.Build.0 = Release|Any CPU
		{AC9D573C-14D8-4DF0-9B2D-FCA90BFD6539}.Release|x64.ActiveCfg = Release|Any CPU
		{AC9D573C-14D8-4DF0-9B2D-FCA90BFD6539}.Release|x64.Build.0 = Release|Any CPU
		{AC9D573C-14D8-4DF0-9B2D-FCA90BFD6539}.Release|x86.ActiveCfg = Release|Any CPU
		{AC9D573C-14D8-4DF0-9B2D-FCA90BFD6539}.Release|x86.Build.0 = Release|Any CPU
		{CC8A0889-AAB4-4F1E-82AB-1B27EBEB8025}.Debug|Any CPU.ActiveCfg = Debug|Any CPU
		{CC8A0889-AAB4-4F1E-82AB-1B27EBEB8025}.Debug|Any CPU.Build.0 = Debug|Any CPU
		{CC8A0889-AAB4-4F1E-82AB-1B27EBEB8025}.Debug|x64.ActiveCfg = Debug|Any CPU
		{CC8A0889-AAB4-4F1E-82AB-1B27EBEB8025}.Debug|x64.Build.0 = Debug|Any CPU
		{CC8A0889-AAB4-4F1E-82AB-1B27EBEB8025}.Debug|x86.ActiveCfg = Debug|Any CPU
		{CC8A0889-AAB4-4F1E-82AB-1B27EBEB8025}.Debug|x86.Build.0 = Debug|Any CPU
		{CC8A0889-AAB4-4F1E-82AB-1B27EBEB8025}.Release|Any CPU.ActiveCfg = Release|Any CPU
		{CC8A0889-AAB4-4F1E-82AB-1B27EBEB8025}.Release|Any CPU.Build.0 = Release|Any CPU
		{CC8A0889-AAB4-4F1E-82AB-1B27EBEB8025}.Release|x64.ActiveCfg = Release|Any CPU
		{CC8A0889-AAB4-4F1E-82AB-1B27EBEB8025}.Release|x64.Build.0 = Release|Any CPU
		{CC8A0889-AAB4-4F1E-82AB-1B27EBEB8025}.Release|x86.ActiveCfg = Release|Any CPU
		{CC8A0889-AAB4-4F1E-82AB-1B27EBEB8025}.Release|x86.Build.0 = Release|Any CPU
		{2658ACBF-3C74-4278-86E9-3E868473977A}.Debug|Any CPU.ActiveCfg = Debug|Any CPU
		{2658ACBF-3C74-4278-86E9-3E868473977A}.Debug|Any CPU.Build.0 = Debug|Any CPU
		{2658ACBF-3C74-4278-86E9-3E868473977A}.Debug|x64.ActiveCfg = Debug|Any CPU
		{2658ACBF-3C74-4278-86E9-3E868473977A}.Debug|x64.Build.0 = Debug|Any CPU
		{2658ACBF-3C74-4278-86E9-3E868473977A}.Debug|x86.ActiveCfg = Debug|Any CPU
		{2658ACBF-3C74-4278-86E9-3E868473977A}.Debug|x86.Build.0 = Debug|Any CPU
		{2658ACBF-3C74-4278-86E9-3E868473977A}.Release|Any CPU.ActiveCfg = Release|Any CPU
		{2658ACBF-3C74-4278-86E9-3E868473977A}.Release|Any CPU.Build.0 = Release|Any CPU
		{2658ACBF-3C74-4278-86E9-3E868473977A}.Release|x64.ActiveCfg = Release|Any CPU
		{2658ACBF-3C74-4278-86E9-3E868473977A}.Release|x64.Build.0 = Release|Any CPU
		{2658ACBF-3C74-4278-86E9-3E868473977A}.Release|x86.ActiveCfg = Release|Any CPU
		{2658ACBF-3C74-4278-86E9-3E868473977A}.Release|x86.Build.0 = Release|Any CPU
		{55C2EC50-1D6A-436F-A949-FDBB4891246A}.Debug|Any CPU.ActiveCfg = Debug|Any CPU
		{55C2EC50-1D6A-436F-A949-FDBB4891246A}.Debug|Any CPU.Build.0 = Debug|Any CPU
		{55C2EC50-1D6A-436F-A949-FDBB4891246A}.Debug|x64.ActiveCfg = Debug|Any CPU
		{55C2EC50-1D6A-436F-A949-FDBB4891246A}.Debug|x64.Build.0 = Debug|Any CPU
		{55C2EC50-1D6A-436F-A949-FDBB4891246A}.Debug|x86.ActiveCfg = Debug|Any CPU
		{55C2EC50-1D6A-436F-A949-FDBB4891246A}.Debug|x86.Build.0 = Debug|Any CPU
		{55C2EC50-1D6A-436F-A949-FDBB4891246A}.Release|Any CPU.ActiveCfg = Release|Any CPU
		{55C2EC50-1D6A-436F-A949-FDBB4891246A}.Release|Any CPU.Build.0 = Release|Any CPU
		{55C2EC50-1D6A-436F-A949-FDBB4891246A}.Release|x64.ActiveCfg = Release|Any CPU
		{55C2EC50-1D6A-436F-A949-FDBB4891246A}.Release|x64.Build.0 = Release|Any CPU
		{55C2EC50-1D6A-436F-A949-FDBB4891246A}.Release|x86.ActiveCfg = Release|Any CPU
		{55C2EC50-1D6A-436F-A949-FDBB4891246A}.Release|x86.Build.0 = Release|Any CPU
		{AFB72078-877B-44F2-BB49-9F617A61574F}.Debug|Any CPU.ActiveCfg = Debug|Any CPU
		{AFB72078-877B-44F2-BB49-9F617A61574F}.Debug|Any CPU.Build.0 = Debug|Any CPU
		{AFB72078-877B-44F2-BB49-9F617A61574F}.Debug|x64.ActiveCfg = Debug|Any CPU
		{AFB72078-877B-44F2-BB49-9F617A61574F}.Debug|x64.Build.0 = Debug|Any CPU
		{AFB72078-877B-44F2-BB49-9F617A61574F}.Debug|x86.ActiveCfg = Debug|Any CPU
		{AFB72078-877B-44F2-BB49-9F617A61574F}.Debug|x86.Build.0 = Debug|Any CPU
		{AFB72078-877B-44F2-BB49-9F617A61574F}.Release|Any CPU.ActiveCfg = Release|Any CPU
		{AFB72078-877B-44F2-BB49-9F617A61574F}.Release|Any CPU.Build.0 = Release|Any CPU
		{AFB72078-877B-44F2-BB49-9F617A61574F}.Release|x64.ActiveCfg = Release|Any CPU
		{AFB72078-877B-44F2-BB49-9F617A61574F}.Release|x64.Build.0 = Release|Any CPU
		{AFB72078-877B-44F2-BB49-9F617A61574F}.Release|x86.ActiveCfg = Release|Any CPU
		{AFB72078-877B-44F2-BB49-9F617A61574F}.Release|x86.Build.0 = Release|Any CPU
		{A9B83F79-64BC-4F68-9DA8-942B1023F2E5}.Debug|Any CPU.ActiveCfg = Debug|Any CPU
		{A9B83F79-64BC-4F68-9DA8-942B1023F2E5}.Debug|Any CPU.Build.0 = Debug|Any CPU
		{A9B83F79-64BC-4F68-9DA8-942B1023F2E5}.Debug|x64.ActiveCfg = Debug|Any CPU
		{A9B83F79-64BC-4F68-9DA8-942B1023F2E5}.Debug|x64.Build.0 = Debug|Any CPU
		{A9B83F79-64BC-4F68-9DA8-942B1023F2E5}.Debug|x86.ActiveCfg = Debug|Any CPU
		{A9B83F79-64BC-4F68-9DA8-942B1023F2E5}.Debug|x86.Build.0 = Debug|Any CPU
		{A9B83F79-64BC-4F68-9DA8-942B1023F2E5}.Release|Any CPU.ActiveCfg = Release|Any CPU
		{A9B83F79-64BC-4F68-9DA8-942B1023F2E5}.Release|Any CPU.Build.0 = Release|Any CPU
		{A9B83F79-64BC-4F68-9DA8-942B1023F2E5}.Release|x64.ActiveCfg = Release|Any CPU
		{A9B83F79-64BC-4F68-9DA8-942B1023F2E5}.Release|x64.Build.0 = Release|Any CPU
		{A9B83F79-64BC-4F68-9DA8-942B1023F2E5}.Release|x86.ActiveCfg = Release|Any CPU
		{A9B83F79-64BC-4F68-9DA8-942B1023F2E5}.Release|x86.Build.0 = Release|Any CPU
		{ACB1C346-B174-4398-81BD-CCFEF1DF22B8}.Debug|Any CPU.ActiveCfg = Debug|Any CPU
		{ACB1C346-B174-4398-81BD-CCFEF1DF22B8}.Debug|Any CPU.Build.0 = Debug|Any CPU
		{ACB1C346-B174-4398-81BD-CCFEF1DF22B8}.Debug|x64.ActiveCfg = Debug|Any CPU
		{ACB1C346-B174-4398-81BD-CCFEF1DF22B8}.Debug|x64.Build.0 = Debug|Any CPU
		{ACB1C346-B174-4398-81BD-CCFEF1DF22B8}.Debug|x86.ActiveCfg = Debug|Any CPU
		{ACB1C346-B174-4398-81BD-CCFEF1DF22B8}.Debug|x86.Build.0 = Debug|Any CPU
		{ACB1C346-B174-4398-81BD-CCFEF1DF22B8}.Release|Any CPU.ActiveCfg = Release|Any CPU
		{ACB1C346-B174-4398-81BD-CCFEF1DF22B8}.Release|Any CPU.Build.0 = Release|Any CPU
		{ACB1C346-B174-4398-81BD-CCFEF1DF22B8}.Release|x64.ActiveCfg = Release|Any CPU
		{ACB1C346-B174-4398-81BD-CCFEF1DF22B8}.Release|x64.Build.0 = Release|Any CPU
		{ACB1C346-B174-4398-81BD-CCFEF1DF22B8}.Release|x86.ActiveCfg = Release|Any CPU
		{ACB1C346-B174-4398-81BD-CCFEF1DF22B8}.Release|x86.Build.0 = Release|Any CPU
		{3BF163BB-5AEF-4510-B2C7-5D9F0F6B6574}.Debug|Any CPU.ActiveCfg = Debug|Any CPU
		{3BF163BB-5AEF-4510-B2C7-5D9F0F6B6574}.Debug|Any CPU.Build.0 = Debug|Any CPU
		{3BF163BB-5AEF-4510-B2C7-5D9F0F6B6574}.Debug|x64.ActiveCfg = Debug|Any CPU
		{3BF163BB-5AEF-4510-B2C7-5D9F0F6B6574}.Debug|x64.Build.0 = Debug|Any CPU
		{3BF163BB-5AEF-4510-B2C7-5D9F0F6B6574}.Debug|x86.ActiveCfg = Debug|Any CPU
		{3BF163BB-5AEF-4510-B2C7-5D9F0F6B6574}.Debug|x86.Build.0 = Debug|Any CPU
		{3BF163BB-5AEF-4510-B2C7-5D9F0F6B6574}.Release|Any CPU.ActiveCfg = Release|Any CPU
		{3BF163BB-5AEF-4510-B2C7-5D9F0F6B6574}.Release|Any CPU.Build.0 = Release|Any CPU
		{3BF163BB-5AEF-4510-B2C7-5D9F0F6B6574}.Release|x64.ActiveCfg = Release|Any CPU
		{3BF163BB-5AEF-4510-B2C7-5D9F0F6B6574}.Release|x64.Build.0 = Release|Any CPU
		{3BF163BB-5AEF-4510-B2C7-5D9F0F6B6574}.Release|x86.ActiveCfg = Release|Any CPU
		{3BF163BB-5AEF-4510-B2C7-5D9F0F6B6574}.Release|x86.Build.0 = Release|Any CPU
		{B7FC9CDB-222D-45C3-A439-10B32797577D}.Debug|Any CPU.ActiveCfg = Debug|Any CPU
		{B7FC9CDB-222D-45C3-A439-10B32797577D}.Debug|Any CPU.Build.0 = Debug|Any CPU
		{B7FC9CDB-222D-45C3-A439-10B32797577D}.Debug|x64.ActiveCfg = Debug|Any CPU
		{B7FC9CDB-222D-45C3-A439-10B32797577D}.Debug|x64.Build.0 = Debug|Any CPU
		{B7FC9CDB-222D-45C3-A439-10B32797577D}.Debug|x86.ActiveCfg = Debug|Any CPU
		{B7FC9CDB-222D-45C3-A439-10B32797577D}.Debug|x86.Build.0 = Debug|Any CPU
		{B7FC9CDB-222D-45C3-A439-10B32797577D}.Release|Any CPU.ActiveCfg = Release|Any CPU
		{B7FC9CDB-222D-45C3-A439-10B32797577D}.Release|Any CPU.Build.0 = Release|Any CPU
		{B7FC9CDB-222D-45C3-A439-10B32797577D}.Release|x64.ActiveCfg = Release|Any CPU
		{B7FC9CDB-222D-45C3-A439-10B32797577D}.Release|x64.Build.0 = Release|Any CPU
		{B7FC9CDB-222D-45C3-A439-10B32797577D}.Release|x86.ActiveCfg = Release|Any CPU
		{B7FC9CDB-222D-45C3-A439-10B32797577D}.Release|x86.Build.0 = Release|Any CPU
		{EC196C4F-E9EE-4356-A43C-AAD562AD6A81}.Debug|Any CPU.ActiveCfg = Debug|Any CPU
		{EC196C4F-E9EE-4356-A43C-AAD562AD6A81}.Debug|Any CPU.Build.0 = Debug|Any CPU
		{EC196C4F-E9EE-4356-A43C-AAD562AD6A81}.Debug|x64.ActiveCfg = Debug|Any CPU
		{EC196C4F-E9EE-4356-A43C-AAD562AD6A81}.Debug|x64.Build.0 = Debug|Any CPU
		{EC196C4F-E9EE-4356-A43C-AAD562AD6A81}.Debug|x86.ActiveCfg = Debug|Any CPU
		{EC196C4F-E9EE-4356-A43C-AAD562AD6A81}.Debug|x86.Build.0 = Debug|Any CPU
		{EC196C4F-E9EE-4356-A43C-AAD562AD6A81}.Release|Any CPU.ActiveCfg = Release|Any CPU
		{EC196C4F-E9EE-4356-A43C-AAD562AD6A81}.Release|Any CPU.Build.0 = Release|Any CPU
		{EC196C4F-E9EE-4356-A43C-AAD562AD6A81}.Release|x64.ActiveCfg = Release|Any CPU
		{EC196C4F-E9EE-4356-A43C-AAD562AD6A81}.Release|x64.Build.0 = Release|Any CPU
		{EC196C4F-E9EE-4356-A43C-AAD562AD6A81}.Release|x86.ActiveCfg = Release|Any CPU
		{EC196C4F-E9EE-4356-A43C-AAD562AD6A81}.Release|x86.Build.0 = Release|Any CPU
		{059E50ED-06FE-4BBF-B63D-1C0DAF94EA83}.Debug|Any CPU.ActiveCfg = Debug|Any CPU
		{059E50ED-06FE-4BBF-B63D-1C0DAF94EA83}.Debug|Any CPU.Build.0 = Debug|Any CPU
		{059E50ED-06FE-4BBF-B63D-1C0DAF94EA83}.Debug|x64.ActiveCfg = Debug|Any CPU
		{059E50ED-06FE-4BBF-B63D-1C0DAF94EA83}.Debug|x64.Build.0 = Debug|Any CPU
		{059E50ED-06FE-4BBF-B63D-1C0DAF94EA83}.Debug|x86.ActiveCfg = Debug|Any CPU
		{059E50ED-06FE-4BBF-B63D-1C0DAF94EA83}.Debug|x86.Build.0 = Debug|Any CPU
		{059E50ED-06FE-4BBF-B63D-1C0DAF94EA83}.Release|Any CPU.ActiveCfg = Release|Any CPU
		{059E50ED-06FE-4BBF-B63D-1C0DAF94EA83}.Release|Any CPU.Build.0 = Release|Any CPU
		{059E50ED-06FE-4BBF-B63D-1C0DAF94EA83}.Release|x64.ActiveCfg = Release|Any CPU
		{059E50ED-06FE-4BBF-B63D-1C0DAF94EA83}.Release|x64.Build.0 = Release|Any CPU
		{059E50ED-06FE-4BBF-B63D-1C0DAF94EA83}.Release|x86.ActiveCfg = Release|Any CPU
		{059E50ED-06FE-4BBF-B63D-1C0DAF94EA83}.Release|x86.Build.0 = Release|Any CPU
		{4CF417E8-D53B-47D5-97E7-E08F2B001744}.Debug|Any CPU.ActiveCfg = Debug|Any CPU
		{4CF417E8-D53B-47D5-97E7-E08F2B001744}.Debug|Any CPU.Build.0 = Debug|Any CPU
		{4CF417E8-D53B-47D5-97E7-E08F2B001744}.Debug|x64.ActiveCfg = Debug|Any CPU
		{4CF417E8-D53B-47D5-97E7-E08F2B001744}.Debug|x64.Build.0 = Debug|Any CPU
		{4CF417E8-D53B-47D5-97E7-E08F2B001744}.Debug|x86.ActiveCfg = Debug|Any CPU
		{4CF417E8-D53B-47D5-97E7-E08F2B001744}.Debug|x86.Build.0 = Debug|Any CPU
		{4CF417E8-D53B-47D5-97E7-E08F2B001744}.Release|Any CPU.ActiveCfg = Release|Any CPU
		{4CF417E8-D53B-47D5-97E7-E08F2B001744}.Release|Any CPU.Build.0 = Release|Any CPU
		{4CF417E8-D53B-47D5-97E7-E08F2B001744}.Release|x64.ActiveCfg = Release|Any CPU
		{4CF417E8-D53B-47D5-97E7-E08F2B001744}.Release|x64.Build.0 = Release|Any CPU
		{4CF417E8-D53B-47D5-97E7-E08F2B001744}.Release|x86.ActiveCfg = Release|Any CPU
		{4CF417E8-D53B-47D5-97E7-E08F2B001744}.Release|x86.Build.0 = Release|Any CPU
		{DD00732B-1B27-4589-827B-249E8DF061AA}.Debug|Any CPU.ActiveCfg = Debug|Any CPU
		{DD00732B-1B27-4589-827B-249E8DF061AA}.Debug|Any CPU.Build.0 = Debug|Any CPU
		{DD00732B-1B27-4589-827B-249E8DF061AA}.Debug|x64.ActiveCfg = Debug|Any CPU
		{DD00732B-1B27-4589-827B-249E8DF061AA}.Debug|x64.Build.0 = Debug|Any CPU
		{DD00732B-1B27-4589-827B-249E8DF061AA}.Debug|x86.ActiveCfg = Debug|Any CPU
		{DD00732B-1B27-4589-827B-249E8DF061AA}.Debug|x86.Build.0 = Debug|Any CPU
		{DD00732B-1B27-4589-827B-249E8DF061AA}.Release|Any CPU.ActiveCfg = Release|Any CPU
		{DD00732B-1B27-4589-827B-249E8DF061AA}.Release|Any CPU.Build.0 = Release|Any CPU
		{DD00732B-1B27-4589-827B-249E8DF061AA}.Release|x64.ActiveCfg = Release|Any CPU
		{DD00732B-1B27-4589-827B-249E8DF061AA}.Release|x64.Build.0 = Release|Any CPU
		{DD00732B-1B27-4589-827B-249E8DF061AA}.Release|x86.ActiveCfg = Release|Any CPU
		{DD00732B-1B27-4589-827B-249E8DF061AA}.Release|x86.Build.0 = Release|Any CPU
		{1D98B56E-02C9-4E83-97DD-82AE9A61F720}.Debug|Any CPU.ActiveCfg = Debug|Any CPU
		{1D98B56E-02C9-4E83-97DD-82AE9A61F720}.Debug|Any CPU.Build.0 = Debug|Any CPU
		{1D98B56E-02C9-4E83-97DD-82AE9A61F720}.Debug|x64.ActiveCfg = Debug|Any CPU
		{1D98B56E-02C9-4E83-97DD-82AE9A61F720}.Debug|x64.Build.0 = Debug|Any CPU
		{1D98B56E-02C9-4E83-97DD-82AE9A61F720}.Debug|x86.ActiveCfg = Debug|Any CPU
		{1D98B56E-02C9-4E83-97DD-82AE9A61F720}.Debug|x86.Build.0 = Debug|Any CPU
		{1D98B56E-02C9-4E83-97DD-82AE9A61F720}.Release|Any CPU.ActiveCfg = Release|Any CPU
		{1D98B56E-02C9-4E83-97DD-82AE9A61F720}.Release|Any CPU.Build.0 = Release|Any CPU
		{1D98B56E-02C9-4E83-97DD-82AE9A61F720}.Release|x64.ActiveCfg = Release|Any CPU
		{1D98B56E-02C9-4E83-97DD-82AE9A61F720}.Release|x64.Build.0 = Release|Any CPU
		{1D98B56E-02C9-4E83-97DD-82AE9A61F720}.Release|x86.ActiveCfg = Release|Any CPU
		{1D98B56E-02C9-4E83-97DD-82AE9A61F720}.Release|x86.Build.0 = Release|Any CPU
		{C4D3CBAC-FD69-4960-85CA-C0A90173DF07}.Debug|Any CPU.ActiveCfg = Debug|Any CPU
		{C4D3CBAC-FD69-4960-85CA-C0A90173DF07}.Debug|Any CPU.Build.0 = Debug|Any CPU
		{C4D3CBAC-FD69-4960-85CA-C0A90173DF07}.Debug|x64.ActiveCfg = Debug|Any CPU
		{C4D3CBAC-FD69-4960-85CA-C0A90173DF07}.Debug|x64.Build.0 = Debug|Any CPU
		{C4D3CBAC-FD69-4960-85CA-C0A90173DF07}.Debug|x86.ActiveCfg = Debug|Any CPU
		{C4D3CBAC-FD69-4960-85CA-C0A90173DF07}.Debug|x86.Build.0 = Debug|Any CPU
		{C4D3CBAC-FD69-4960-85CA-C0A90173DF07}.Release|Any CPU.ActiveCfg = Release|Any CPU
		{C4D3CBAC-FD69-4960-85CA-C0A90173DF07}.Release|Any CPU.Build.0 = Release|Any CPU
		{C4D3CBAC-FD69-4960-85CA-C0A90173DF07}.Release|x64.ActiveCfg = Release|Any CPU
		{C4D3CBAC-FD69-4960-85CA-C0A90173DF07}.Release|x64.Build.0 = Release|Any CPU
		{C4D3CBAC-FD69-4960-85CA-C0A90173DF07}.Release|x86.ActiveCfg = Release|Any CPU
		{C4D3CBAC-FD69-4960-85CA-C0A90173DF07}.Release|x86.Build.0 = Release|Any CPU
		{9A0084B9-3CF2-40E0-8321-2D6626F3EE77}.Debug|Any CPU.ActiveCfg = Debug|Any CPU
		{9A0084B9-3CF2-40E0-8321-2D6626F3EE77}.Debug|Any CPU.Build.0 = Debug|Any CPU
		{9A0084B9-3CF2-40E0-8321-2D6626F3EE77}.Debug|x64.ActiveCfg = Debug|Any CPU
		{9A0084B9-3CF2-40E0-8321-2D6626F3EE77}.Debug|x64.Build.0 = Debug|Any CPU
		{9A0084B9-3CF2-40E0-8321-2D6626F3EE77}.Debug|x86.ActiveCfg = Debug|Any CPU
		{9A0084B9-3CF2-40E0-8321-2D6626F3EE77}.Debug|x86.Build.0 = Debug|Any CPU
		{9A0084B9-3CF2-40E0-8321-2D6626F3EE77}.Release|Any CPU.ActiveCfg = Release|Any CPU
		{9A0084B9-3CF2-40E0-8321-2D6626F3EE77}.Release|Any CPU.Build.0 = Release|Any CPU
		{9A0084B9-3CF2-40E0-8321-2D6626F3EE77}.Release|x64.ActiveCfg = Release|Any CPU
		{9A0084B9-3CF2-40E0-8321-2D6626F3EE77}.Release|x64.Build.0 = Release|Any CPU
		{9A0084B9-3CF2-40E0-8321-2D6626F3EE77}.Release|x86.ActiveCfg = Release|Any CPU
		{9A0084B9-3CF2-40E0-8321-2D6626F3EE77}.Release|x86.Build.0 = Release|Any CPU
		{22CFB8EB-37B4-4CEA-B321-1309CC060E9F}.Debug|Any CPU.ActiveCfg = Debug|Any CPU
		{22CFB8EB-37B4-4CEA-B321-1309CC060E9F}.Debug|Any CPU.Build.0 = Debug|Any CPU
		{22CFB8EB-37B4-4CEA-B321-1309CC060E9F}.Debug|x64.ActiveCfg = Debug|Any CPU
		{22CFB8EB-37B4-4CEA-B321-1309CC060E9F}.Debug|x64.Build.0 = Debug|Any CPU
		{22CFB8EB-37B4-4CEA-B321-1309CC060E9F}.Debug|x86.ActiveCfg = Debug|Any CPU
		{22CFB8EB-37B4-4CEA-B321-1309CC060E9F}.Debug|x86.Build.0 = Debug|Any CPU
		{22CFB8EB-37B4-4CEA-B321-1309CC060E9F}.Release|Any CPU.ActiveCfg = Release|Any CPU
		{22CFB8EB-37B4-4CEA-B321-1309CC060E9F}.Release|Any CPU.Build.0 = Release|Any CPU
		{22CFB8EB-37B4-4CEA-B321-1309CC060E9F}.Release|x64.ActiveCfg = Release|Any CPU
		{22CFB8EB-37B4-4CEA-B321-1309CC060E9F}.Release|x64.Build.0 = Release|Any CPU
		{22CFB8EB-37B4-4CEA-B321-1309CC060E9F}.Release|x86.ActiveCfg = Release|Any CPU
		{22CFB8EB-37B4-4CEA-B321-1309CC060E9F}.Release|x86.Build.0 = Release|Any CPU
		{D32C7719-8CA5-40BF-8E42-E78548C08218}.Debug|Any CPU.ActiveCfg = Debug|Any CPU
		{D32C7719-8CA5-40BF-8E42-E78548C08218}.Debug|Any CPU.Build.0 = Debug|Any CPU
		{D32C7719-8CA5-40BF-8E42-E78548C08218}.Debug|x64.ActiveCfg = Debug|Any CPU
		{D32C7719-8CA5-40BF-8E42-E78548C08218}.Debug|x64.Build.0 = Debug|Any CPU
		{D32C7719-8CA5-40BF-8E42-E78548C08218}.Debug|x86.ActiveCfg = Debug|Any CPU
		{D32C7719-8CA5-40BF-8E42-E78548C08218}.Debug|x86.Build.0 = Debug|Any CPU
		{D32C7719-8CA5-40BF-8E42-E78548C08218}.Release|Any CPU.ActiveCfg = Release|Any CPU
		{D32C7719-8CA5-40BF-8E42-E78548C08218}.Release|Any CPU.Build.0 = Release|Any CPU
		{D32C7719-8CA5-40BF-8E42-E78548C08218}.Release|x64.ActiveCfg = Release|Any CPU
		{D32C7719-8CA5-40BF-8E42-E78548C08218}.Release|x64.Build.0 = Release|Any CPU
		{D32C7719-8CA5-40BF-8E42-E78548C08218}.Release|x86.ActiveCfg = Release|Any CPU
		{D32C7719-8CA5-40BF-8E42-E78548C08218}.Release|x86.Build.0 = Release|Any CPU
		{7F6F027B-2463-4FEB-8A9F-4E79C5CEABC9}.Debug|Any CPU.ActiveCfg = Debug|Any CPU
		{7F6F027B-2463-4FEB-8A9F-4E79C5CEABC9}.Debug|Any CPU.Build.0 = Debug|Any CPU
		{7F6F027B-2463-4FEB-8A9F-4E79C5CEABC9}.Debug|x64.ActiveCfg = Debug|Any CPU
		{7F6F027B-2463-4FEB-8A9F-4E79C5CEABC9}.Debug|x64.Build.0 = Debug|Any CPU
		{7F6F027B-2463-4FEB-8A9F-4E79C5CEABC9}.Debug|x86.ActiveCfg = Debug|Any CPU
		{7F6F027B-2463-4FEB-8A9F-4E79C5CEABC9}.Debug|x86.Build.0 = Debug|Any CPU
		{7F6F027B-2463-4FEB-8A9F-4E79C5CEABC9}.Release|Any CPU.ActiveCfg = Release|Any CPU
		{7F6F027B-2463-4FEB-8A9F-4E79C5CEABC9}.Release|Any CPU.Build.0 = Release|Any CPU
		{7F6F027B-2463-4FEB-8A9F-4E79C5CEABC9}.Release|x64.ActiveCfg = Release|Any CPU
		{7F6F027B-2463-4FEB-8A9F-4E79C5CEABC9}.Release|x64.Build.0 = Release|Any CPU
		{7F6F027B-2463-4FEB-8A9F-4E79C5CEABC9}.Release|x86.ActiveCfg = Release|Any CPU
		{7F6F027B-2463-4FEB-8A9F-4E79C5CEABC9}.Release|x86.Build.0 = Release|Any CPU
		{82E43B9A-DB61-4132-9A60-894A78D1AA9D}.Debug|Any CPU.ActiveCfg = Debug|Any CPU
		{82E43B9A-DB61-4132-9A60-894A78D1AA9D}.Debug|Any CPU.Build.0 = Debug|Any CPU
		{82E43B9A-DB61-4132-9A60-894A78D1AA9D}.Debug|x64.ActiveCfg = Debug|Any CPU
		{82E43B9A-DB61-4132-9A60-894A78D1AA9D}.Debug|x64.Build.0 = Debug|Any CPU
		{82E43B9A-DB61-4132-9A60-894A78D1AA9D}.Debug|x86.ActiveCfg = Debug|Any CPU
		{82E43B9A-DB61-4132-9A60-894A78D1AA9D}.Debug|x86.Build.0 = Debug|Any CPU
		{82E43B9A-DB61-4132-9A60-894A78D1AA9D}.Release|Any CPU.ActiveCfg = Release|Any CPU
		{82E43B9A-DB61-4132-9A60-894A78D1AA9D}.Release|Any CPU.Build.0 = Release|Any CPU
		{82E43B9A-DB61-4132-9A60-894A78D1AA9D}.Release|x64.ActiveCfg = Release|Any CPU
		{82E43B9A-DB61-4132-9A60-894A78D1AA9D}.Release|x64.Build.0 = Release|Any CPU
		{82E43B9A-DB61-4132-9A60-894A78D1AA9D}.Release|x86.ActiveCfg = Release|Any CPU
		{82E43B9A-DB61-4132-9A60-894A78D1AA9D}.Release|x86.Build.0 = Release|Any CPU
		{BF9B07DA-3524-4083-AD22-523FB02AA8DB}.Debug|Any CPU.ActiveCfg = Debug|Any CPU
		{BF9B07DA-3524-4083-AD22-523FB02AA8DB}.Debug|Any CPU.Build.0 = Debug|Any CPU
		{BF9B07DA-3524-4083-AD22-523FB02AA8DB}.Debug|x64.ActiveCfg = Debug|Any CPU
		{BF9B07DA-3524-4083-AD22-523FB02AA8DB}.Debug|x64.Build.0 = Debug|Any CPU
		{BF9B07DA-3524-4083-AD22-523FB02AA8DB}.Debug|x86.ActiveCfg = Debug|Any CPU
		{BF9B07DA-3524-4083-AD22-523FB02AA8DB}.Debug|x86.Build.0 = Debug|Any CPU
		{BF9B07DA-3524-4083-AD22-523FB02AA8DB}.Release|Any CPU.ActiveCfg = Release|Any CPU
		{BF9B07DA-3524-4083-AD22-523FB02AA8DB}.Release|Any CPU.Build.0 = Release|Any CPU
		{BF9B07DA-3524-4083-AD22-523FB02AA8DB}.Release|x64.ActiveCfg = Release|Any CPU
		{BF9B07DA-3524-4083-AD22-523FB02AA8DB}.Release|x64.Build.0 = Release|Any CPU
		{BF9B07DA-3524-4083-AD22-523FB02AA8DB}.Release|x86.ActiveCfg = Release|Any CPU
		{BF9B07DA-3524-4083-AD22-523FB02AA8DB}.Release|x86.Build.0 = Release|Any CPU
		{583A9B2A-B8DC-4CE7-AB1B-5533F87501B2}.Debug|Any CPU.ActiveCfg = Debug|Any CPU
		{583A9B2A-B8DC-4CE7-AB1B-5533F87501B2}.Debug|Any CPU.Build.0 = Debug|Any CPU
		{583A9B2A-B8DC-4CE7-AB1B-5533F87501B2}.Debug|x64.ActiveCfg = Debug|Any CPU
		{583A9B2A-B8DC-4CE7-AB1B-5533F87501B2}.Debug|x64.Build.0 = Debug|Any CPU
		{583A9B2A-B8DC-4CE7-AB1B-5533F87501B2}.Debug|x86.ActiveCfg = Debug|Any CPU
		{583A9B2A-B8DC-4CE7-AB1B-5533F87501B2}.Debug|x86.Build.0 = Debug|Any CPU
		{583A9B2A-B8DC-4CE7-AB1B-5533F87501B2}.Release|Any CPU.ActiveCfg = Release|Any CPU
		{583A9B2A-B8DC-4CE7-AB1B-5533F87501B2}.Release|Any CPU.Build.0 = Release|Any CPU
		{583A9B2A-B8DC-4CE7-AB1B-5533F87501B2}.Release|x64.ActiveCfg = Release|Any CPU
		{583A9B2A-B8DC-4CE7-AB1B-5533F87501B2}.Release|x64.Build.0 = Release|Any CPU
		{583A9B2A-B8DC-4CE7-AB1B-5533F87501B2}.Release|x86.ActiveCfg = Release|Any CPU
		{583A9B2A-B8DC-4CE7-AB1B-5533F87501B2}.Release|x86.Build.0 = Release|Any CPU
		{653F5480-0A86-40B3-8A5B-2DF4B3C438AE}.Debug|Any CPU.ActiveCfg = Debug|Any CPU
		{653F5480-0A86-40B3-8A5B-2DF4B3C438AE}.Debug|Any CPU.Build.0 = Debug|Any CPU
		{653F5480-0A86-40B3-8A5B-2DF4B3C438AE}.Debug|x64.ActiveCfg = Debug|Any CPU
		{653F5480-0A86-40B3-8A5B-2DF4B3C438AE}.Debug|x64.Build.0 = Debug|Any CPU
		{653F5480-0A86-40B3-8A5B-2DF4B3C438AE}.Debug|x86.ActiveCfg = Debug|Any CPU
		{653F5480-0A86-40B3-8A5B-2DF4B3C438AE}.Debug|x86.Build.0 = Debug|Any CPU
		{653F5480-0A86-40B3-8A5B-2DF4B3C438AE}.Release|Any CPU.ActiveCfg = Release|Any CPU
		{653F5480-0A86-40B3-8A5B-2DF4B3C438AE}.Release|Any CPU.Build.0 = Release|Any CPU
		{653F5480-0A86-40B3-8A5B-2DF4B3C438AE}.Release|x64.ActiveCfg = Release|Any CPU
		{653F5480-0A86-40B3-8A5B-2DF4B3C438AE}.Release|x64.Build.0 = Release|Any CPU
		{653F5480-0A86-40B3-8A5B-2DF4B3C438AE}.Release|x86.ActiveCfg = Release|Any CPU
		{653F5480-0A86-40B3-8A5B-2DF4B3C438AE}.Release|x86.Build.0 = Release|Any CPU
		{DEAC1EF2-92DD-4C7B-866D-74EBC9E8C90B}.Debug|Any CPU.ActiveCfg = Debug|Any CPU
		{DEAC1EF2-92DD-4C7B-866D-74EBC9E8C90B}.Debug|Any CPU.Build.0 = Debug|Any CPU
		{DEAC1EF2-92DD-4C7B-866D-74EBC9E8C90B}.Debug|x64.ActiveCfg = Debug|Any CPU
		{DEAC1EF2-92DD-4C7B-866D-74EBC9E8C90B}.Debug|x64.Build.0 = Debug|Any CPU
		{DEAC1EF2-92DD-4C7B-866D-74EBC9E8C90B}.Debug|x86.ActiveCfg = Debug|Any CPU
		{DEAC1EF2-92DD-4C7B-866D-74EBC9E8C90B}.Debug|x86.Build.0 = Debug|Any CPU
		{DEAC1EF2-92DD-4C7B-866D-74EBC9E8C90B}.Release|Any CPU.ActiveCfg = Release|Any CPU
		{DEAC1EF2-92DD-4C7B-866D-74EBC9E8C90B}.Release|Any CPU.Build.0 = Release|Any CPU
		{DEAC1EF2-92DD-4C7B-866D-74EBC9E8C90B}.Release|x64.ActiveCfg = Release|Any CPU
		{DEAC1EF2-92DD-4C7B-866D-74EBC9E8C90B}.Release|x64.Build.0 = Release|Any CPU
		{DEAC1EF2-92DD-4C7B-866D-74EBC9E8C90B}.Release|x86.ActiveCfg = Release|Any CPU
		{DEAC1EF2-92DD-4C7B-866D-74EBC9E8C90B}.Release|x86.Build.0 = Release|Any CPU
	EndGlobalSection
	GlobalSection(SolutionProperties) = preSolution
		HideSolutionNode = FALSE
	EndGlobalSection
	GlobalSection(NestedProjects) = preSolution
		{66A7B2FC-6EE7-43EC-AB9A-C745B62013EA} = {F37E2966-3079-44A0-A5CF-080CF488047B}
		{D123CDB2-2059-46AE-A50C-1232680B8064} = {B0EFC7AA-1DC9-4B0B-AC17-297DDB55D615}
		{86B91287-B17D-4E0A-9C1B-94AFC0120910} = {B0EFC7AA-1DC9-4B0B-AC17-297DDB55D615}
		{FC973028-963D-4A9E-94FF-7F8F5E0B1F44} = {B0EFC7AA-1DC9-4B0B-AC17-297DDB55D615}
		{B5B984DB-C67D-484B-9D01-DA3E35E979F9} = {B0EFC7AA-1DC9-4B0B-AC17-297DDB55D615}
		{82E5F4C0-514E-4087-BAD7-04C247AEB3DE} = {30753B61-7F20-4578-8CC3-7EB85B4EB65E}
		{95D68CD2-923A-4699-8ADF-E8E9AEA431D1} = {30753B61-7F20-4578-8CC3-7EB85B4EB65E}
		{B1E2A795-BF68-438D-89AB-1442EFFE7135} = {30753B61-7F20-4578-8CC3-7EB85B4EB65E}
		{8A23C5ED-E22B-4264-9DBD-C74B986B7213} = {30753B61-7F20-4578-8CC3-7EB85B4EB65E}
		{E7B8329D-15E3-4412-A95E-3C72AEA6B73C} = {C83AB64C-8193-41C3-93D0-97D43D68AA14}
		{FDC3511D-104C-4F25-AB97-D7A314E3032D} = {C83AB64C-8193-41C3-93D0-97D43D68AA14}
		{00CBA722-9902-44C3-AA0A-4447EBE76A97} = {C83AB64C-8193-41C3-93D0-97D43D68AA14}
		{2E7F5492-DB5D-469D-B2C6-36D424092CF7} = {C83AB64C-8193-41C3-93D0-97D43D68AA14}
		{DDF9B791-2F8F-442C-AB4F-25E2A8FF2FAE} = {103F3DFF-B11C-474C-8DCA-42AD767C3FE0}
		{EBBDDC20-F9B2-41D6-8C51-43970EA9215D} = {103F3DFF-B11C-474C-8DCA-42AD767C3FE0}
		{953ABA8E-A74D-4257-A152-2676FD5B8459} = {103F3DFF-B11C-474C-8DCA-42AD767C3FE0}
		{727EB122-5FA2-4956-BB8E-0B5C10EE7D72} = {103F3DFF-B11C-474C-8DCA-42AD767C3FE0}
		{D2277125-3438-4454-A164-B41825BED611} = {CC833756-AADE-44CD-A825-6EF5DD04FB17}
		{D0F03550-12BF-4F12-BD40-5ECCFEA51DE1} = {CC833756-AADE-44CD-A825-6EF5DD04FB17}
		{4F7E085E-C453-43D1-9F22-EC5EC903D9DC} = {CC833756-AADE-44CD-A825-6EF5DD04FB17}
		{6B202D87-DF80-450C-95AE-E64157FA69FB} = {CC833756-AADE-44CD-A825-6EF5DD04FB17}
		{DF273057-3DCB-4606-999C-3369EAB4D5A9} = {6854532C-9449-4D18-8201-2B7FEA7D002A}
		{14D735E1-1FD4-4CE2-AF74-753159F9103C} = {6854532C-9449-4D18-8201-2B7FEA7D002A}
		{8E9F9CAB-E97B-4D95-A6BC-75D170CF81EE} = {6854532C-9449-4D18-8201-2B7FEA7D002A}
		{617D55A4-1BB1-414B-BCE7-1D72AFCA5C56} = {6854532C-9449-4D18-8201-2B7FEA7D002A}
		{AC9D573C-14D8-4DF0-9B2D-FCA90BFD6539} = {AEDDF75A-C255-4289-8D27-B593FDB8BBAE}
		{CC8A0889-AAB4-4F1E-82AB-1B27EBEB8025} = {AEDDF75A-C255-4289-8D27-B593FDB8BBAE}
		{2658ACBF-3C74-4278-86E9-3E868473977A} = {AEDDF75A-C255-4289-8D27-B593FDB8BBAE}
		{55C2EC50-1D6A-436F-A949-FDBB4891246A} = {AEDDF75A-C255-4289-8D27-B593FDB8BBAE}
		{AFB72078-877B-44F2-BB49-9F617A61574F} = {0AB3BF05-4346-4AA6-1389-037BE0695223}
		{A9B83F79-64BC-4F68-9DA8-942B1023F2E5} = {0AB3BF05-4346-4AA6-1389-037BE0695223}
		{ACB1C346-B174-4398-81BD-CCFEF1DF22B8} = {0AB3BF05-4346-4AA6-1389-037BE0695223}
		{3BF163BB-5AEF-4510-B2C7-5D9F0F6B6574} = {0AB3BF05-4346-4AA6-1389-037BE0695223}
		{B7FC9CDB-222D-45C3-A439-10B32797577D} = {0AB3BF05-4346-4AA6-1389-037BE0695223}
		{EC196C4F-E9EE-4356-A43C-AAD562AD6A81} = {0AB3BF05-4346-4AA6-1389-037BE0695223}
		{059E50ED-06FE-4BBF-B63D-1C0DAF94EA83} = {0AB3BF05-4346-4AA6-1389-037BE0695223}
		{4CF417E8-D53B-47D5-97E7-E08F2B001744} = {0AB3BF05-4346-4AA6-1389-037BE0695223}
		{F37E2966-3079-44A0-A5CF-080CF488047B} = {51A92BA3-B106-4A97-83A5-0F1724B86442}
		{F7390F6E-102F-42EB-AEFA-79D2AEC6A50A} = {51A92BA3-B106-4A97-83A5-0F1724B86442}
		{B0EFC7AA-1DC9-4B0B-AC17-297DDB55D615} = {F7390F6E-102F-42EB-AEFA-79D2AEC6A50A}
		{30753B61-7F20-4578-8CC3-7EB85B4EB65E} = {F7390F6E-102F-42EB-AEFA-79D2AEC6A50A}
		{C83AB64C-8193-41C3-93D0-97D43D68AA14} = {F7390F6E-102F-42EB-AEFA-79D2AEC6A50A}
		{103F3DFF-B11C-474C-8DCA-42AD767C3FE0} = {F7390F6E-102F-42EB-AEFA-79D2AEC6A50A}
		{CC833756-AADE-44CD-A825-6EF5DD04FB17} = {F7390F6E-102F-42EB-AEFA-79D2AEC6A50A}
		{6854532C-9449-4D18-8201-2B7FEA7D002A} = {F7390F6E-102F-42EB-AEFA-79D2AEC6A50A}
		{AEDDF75A-C255-4289-8D27-B593FDB8BBAE} = {51A92BA3-B106-4A97-83A5-0F1724B86442}
		{DD00732B-1B27-4589-827B-249E8DF061AA} = {AEDDF75A-C255-4289-8D27-B593FDB8BBAE}
		{BBD4AB30-965F-11B1-53B7-2B1D03153F55} = {F7390F6E-102F-42EB-AEFA-79D2AEC6A50A}
		{1D98B56E-02C9-4E83-97DD-82AE9A61F720} = {BBD4AB30-965F-11B1-53B7-2B1D03153F55}
		{C4D3CBAC-FD69-4960-85CA-C0A90173DF07} = {BBD4AB30-965F-11B1-53B7-2B1D03153F55}
		{9A0084B9-3CF2-40E0-8321-2D6626F3EE77} = {BBD4AB30-965F-11B1-53B7-2B1D03153F55}
		{22CFB8EB-37B4-4CEA-B321-1309CC060E9F} = {BBD4AB30-965F-11B1-53B7-2B1D03153F55}
		{4353066B-F410-E540-F593-55E469B78A5F} = {0AB3BF05-4346-4AA6-1389-037BE0695223}
		{7CFFD77E-C261-EA81-020C-54139F9DB56D} = {4353066B-F410-E540-F593-55E469B78A5F}
		{D32C7719-8CA5-40BF-8E42-E78548C08218} = {7CFFD77E-C261-EA81-020C-54139F9DB56D}
		{D0D6B8B0-AC35-B3FA-0B96-A9B0E4A3253E} = {0AB3BF05-4346-4AA6-1389-037BE0695223}
		{7F6F027B-2463-4FEB-8A9F-4E79C5CEABC9} = {D0D6B8B0-AC35-B3FA-0B96-A9B0E4A3253E}
		{82E43B9A-DB61-4132-9A60-894A78D1AA9D} = {7CFFD77E-C261-EA81-020C-54139F9DB56D}
		{BF9B07DA-3524-4083-AD22-523FB02AA8DB} = {7CFFD77E-C261-EA81-020C-54139F9DB56D}
		{4E48965F-9292-9D96-9D98-6C3894C6D01B} = {4353066B-F410-E540-F593-55E469B78A5F}
		{583A9B2A-B8DC-4CE7-AB1B-5533F87501B2} = {4E48965F-9292-9D96-9D98-6C3894C6D01B}
		{653F5480-0A86-40B3-8A5B-2DF4B3C438AE} = {4E48965F-9292-9D96-9D98-6C3894C6D01B}
		{DEAC1EF2-92DD-4C7B-866D-74EBC9E8C90B} = {4E48965F-9292-9D96-9D98-6C3894C6D01B}
	EndGlobalSection
EndGlobal
